PODS:
  - FMDB (2.7.5):
    - FMDB/standard (= 2.7.5)
  - FMDB/standard (2.7.5)
  - Masonry (1.1.0)
  - SDWebImage (4.4.2):
    - SDWebImage/Core (= 4.4.2)
  - SDWebImage/Core (4.4.2)
  - TZImagePickerController (3.1.5)
  - "UITableView+FDTemplateLayoutCell (1.6)"
  - YYText (1.0.7)

DEPENDENCIES:
  - FMDB
  - Masonry
  - SDWebImage
  - TZImagePickerController
  - "UITableView+FDTemplateLayoutCell"
  - YYText

SPEC REPOS:
  https://github.com/cocoapods/specs.git:
    - FMDB
    - Masonry
    - SDWebImage
    - TZImagePickerController
    - "UITableView+FDTemplateLayoutCell"
    - YYText

SPEC CHECKSUMS:
  FMDB: 2ce00b547f966261cd18927a3ddb07cb6f3db82a
  Masonry: 678fab65091a9290e40e2832a55e7ab731aad201
  SDWebImage: 624d6e296c69b244bcede364c72ae0430ac14681
  TZImagePickerController: 6cc6e9c1a73bb8e62cfef98fd40af2d90634dcf5
  "UITableView+FDTemplateLayoutCell": 5c949b4a5059c404b442926c0e80f81d10a2d66f
  YYText: 5c461d709e24d55a182d1441c41dc639a18a4849

PODFILE CHECKSUM: 5b6d6a32abd091642d80f211a97df4b9eb4c6cf0

COCOAPODS: 1.6.0.beta.2
