// !$*UTF8*$!
{
	archiveVersion = 1;
	classes = {
	};
	objectVersion = 46;
	objects = {

/* Begin PBXBuildFile section */
		1662ABD4B8CA009588B4ECEF /* Pods_ChatTests.framework in Frameworks */ = {isa = PBXBuildFile; fileRef = 63E3CFFCB44FDCC170F5A297 /* Pods_ChatTests.framework */; };
		226672681FCD40A500B2DEF9 /* KeyboardViewController.m in Sources */ = {isa = PBXBuildFile; fileRef = 226672651FCD40A400B2DEF9 /* KeyboardViewController.m */; };
		22FB66EA1F7F483B007A4888 /* main.m in Sources */ = {isa = PBXBuildFile; fileRef = 22FB66E91F7F483B007A4888 /* main.m */; };
		22FB66ED1F7F483B007A4888 /* AppDelegate.m in Sources */ = {isa = PBXBuildFile; fileRef = 22FB66EC1F7F483B007A4888 /* AppDelegate.m */; };
		22FB66F31F7F483B007A4888 /* Main.storyboard in Resources */ = {isa = PBXBuildFile; fileRef = 22FB66F11F7F483B007A4888 /* Main.storyboard */; };
		22FB66F51F7F483B007A4888 /* Assets.xcassets in Resources */ = {isa = PBXBuildFile; fileRef = 22FB66F41F7F483B007A4888 /* Assets.xcassets */; };
		22FB66F81F7F483B007A4888 /* LaunchScreen.storyboard in Resources */ = {isa = PBXBuildFile; fileRef = 22FB66F61F7F483B007A4888 /* LaunchScreen.storyboard */; };
		22FB67031F7F483B007A4888 /* ChatTests.m in Sources */ = {isa = PBXBuildFile; fileRef = 22FB67021F7F483B007A4888 /* ChatTests.m */; };
		22FB670E1F7F483B007A4888 /* ChatUITests.m in Sources */ = {isa = PBXBuildFile; fileRef = 22FB670D1F7F483B007A4888 /* ChatUITests.m */; };
		47C82F2922DA4ABEB1CC9223 /* Pods_ChatUITests.framework in Frameworks */ = {isa = PBXBuildFile; fileRef = 36E5085967E9999AB666A15C /* Pods_ChatUITests.framework */; };
		9798A3169918966E2F106AC2 /* Pods_Chat.framework in Frameworks */ = {isa = PBXBuildFile; fileRef = 1BB2372F3D6ED503FC7EF68F /* Pods_Chat.framework */; };
		E24795CD21B121DB00E95106 /* ChatViewController.m in Sources */ = {isa = PBXBuildFile; fileRef = E247958621B121DB00E95106 /* ChatViewController.m */; };
		E24795CE21B121DB00E95106 /* ChatConversationViewController.m in Sources */ = {isa = PBXBuildFile; fileRef = E247958721B121DB00E95106 /* ChatConversationViewController.m */; };
		E24795CF21B121DB00E95106 /* ChatUI.m in Sources */ = {isa = PBXBuildFile; fileRef = E247958B21B121DB00E95106 /* ChatUI.m */; };
		E24795D021B121DB00E95106 /* ChatMessageContent.m in Sources */ = {isa = PBXBuildFile; fileRef = E247958D21B121DB00E95106 /* ChatMessageContent.m */; };
		E24795D121B121DB00E95106 /* ChatUserInfo.m in Sources */ = {isa = PBXBuildFile; fileRef = E247959021B121DB00E95106 /* ChatUserInfo.m */; };
		E24795D221B121DB00E95106 /* ChatMessage.m in Sources */ = {isa = PBXBuildFile; fileRef = E247959121B121DB00E95106 /* ChatMessage.m */; };
		E24795D321B121DB00E95106 /* ChatSessionInputBarControl.m in Sources */ = {isa = PBXBuildFile; fileRef = E247959621B121DB00E95106 /* ChatSessionInputBarControl.m */; };
		E24795D421B121DB00E95106 /* ChatMessageBubbleCell.m in Sources */ = {isa = PBXBuildFile; fileRef = E247959B21B121DB00E95106 /* ChatMessageBubbleCell.m */; };
		E24795D521B121DB00E95106 /* ChatMessageBaseCell.m in Sources */ = {isa = PBXBuildFile; fileRef = E247959C21B121DB00E95106 /* ChatMessageBaseCell.m */; };
		E24795D621B121DB00E95106 /* ChatImageMessageContent.m in Sources */ = {isa = PBXBuildFile; fileRef = E24795A121B121DB00E95106 /* ChatImageMessageContent.m */; };
		E24795D721B121DB00E95106 /* ChatMessageImageCell.m in Sources */ = {isa = PBXBuildFile; fileRef = E24795A221B121DB00E95106 /* ChatMessageImageCell.m */; };
		E24795D821B121DB00E95106 /* ChatMessageTextCell.m in Sources */ = {isa = PBXBuildFile; fileRef = E24795A521B121DB00E95106 /* ChatMessageTextCell.m */; };
		E24795D921B121DB00E95106 /* ChatTextMessageContent.m in Sources */ = {isa = PBXBuildFile; fileRef = E24795A721B121DB00E95106 /* ChatTextMessageContent.m */; };
		E24795DA21B121DB00E95106 /* ChatTableView.m in Sources */ = {isa = PBXBuildFile; fileRef = E24795AB21B121DB00E95106 /* ChatTableView.m */; };
		E24795DB21B121DB00E95106 /* ChatEmojiItemCell.m in Sources */ = {isa = PBXBuildFile; fileRef = E24795AE21B121DB00E95106 /* ChatEmojiItemCell.m */; };
		E24795DC21B121DB00E95106 /* ChatEmojiItem.m in Sources */ = {isa = PBXBuildFile; fileRef = E24795B221B121DB00E95106 /* ChatEmojiItem.m */; };
		E24795DD21B121DB00E95106 /* ChatEmojiBoardView.m in Sources */ = {isa = PBXBuildFile; fileRef = E24795B421B121DB00E95106 /* ChatEmojiBoardView.m */; };
		E24795DE21B121DB00E95106 /* ChatKeyboard.m in Sources */ = {isa = PBXBuildFile; fileRef = E24795B621B121DB00E95106 /* ChatKeyboard.m */; };
		E24795DF21B121DB00E95106 /* ChatPluginBoardView.m in Sources */ = {isa = PBXBuildFile; fileRef = E24795BA21B121DB00E95106 /* ChatPluginBoardView.m */; };
		E24795E021B121DB00E95106 /* ChatPluginItem.m in Sources */ = {isa = PBXBuildFile; fileRef = E24795BD21B121DB00E95106 /* ChatPluginItem.m */; };
		E24795E121B121DB00E95106 /* ChatPluginItemCell.m in Sources */ = {isa = PBXBuildFile; fileRef = E24795BE21B121DB00E95106 /* ChatPluginItemCell.m */; };
		E24795E221B121DB00E95106 /* ChatService.m in Sources */ = {isa = PBXBuildFile; fileRef = E24795C121B121DB00E95106 /* ChatService.m */; };
		E24795E321B121DB00E95106 /* UINavigationController+ChatUI.m in Sources */ = {isa = PBXBuildFile; fileRef = E24795C521B121DB00E95106 /* UINavigationController+ChatUI.m */; };
		E24795E421B121DB00E95106 /* UIColor+ChatUI.m in Sources */ = {isa = PBXBuildFile; fileRef = E24795C621B121DB00E95106 /* UIColor+ChatUI.m */; };
		E24795E521B121DB00E95106 /* UIView+ChatUI.m in Sources */ = {isa = PBXBuildFile; fileRef = E24795C721B121DB00E95106 /* UIView+ChatUI.m */; };
		E24795E621B121DB00E95106 /* NSString+ChatUI.m in Sources */ = {isa = PBXBuildFile; fileRef = E24795C821B121DB00E95106 /* NSString+ChatUI.m */; };
		E247960D21B136F500E95106 /* chatting_biaoqing_btn_high.png in Resources */ = {isa = PBXBuildFile; fileRef = E247960121B136F500E95106 /* chatting_biaoqing_btn_high.png */; };
		E247960E21B136F500E95106 /* chat_to_bg_normal@2x.png in Resources */ = {isa = PBXBuildFile; fileRef = E247960221B136F500E95106 /* chat_to_bg_normal@2x.png */; };
		E247960F21B136F500E95106 /* chat_setmode_voice_btn_high.png in Resources */ = {isa = PBXBuildFile; fileRef = E247960321B136F500E95106 /* chat_setmode_voice_btn_high.png */; };
		E247961021B136F500E95106 /* chat_setmode_key_btn_normal.png in Resources */ = {isa = PBXBuildFile; fileRef = E247960421B136F500E95106 /* chat_setmode_key_btn_normal.png */; };
		E247961121B136F500E95106 /* chatting_biaoqing_btn_normal.png in Resources */ = {isa = PBXBuildFile; fileRef = E247960521B136F500E95106 /* chatting_biaoqing_btn_normal.png */; };
		E247961221B136F500E95106 /* chat_setmode_add_btn_normal.png in Resources */ = {isa = PBXBuildFile; fileRef = E247960621B136F500E95106 /* chat_setmode_add_btn_normal.png */; };
		E247961321B136F500E95106 /* chat_setmode_key_btn_high.png in Resources */ = {isa = PBXBuildFile; fileRef = E247960721B136F500E95106 /* chat_setmode_key_btn_high.png */; };
		E247961421B136F500E95106 /* chat_setmode_voice_btn_normal.png in Resources */ = {isa = PBXBuildFile; fileRef = E247960821B136F500E95106 /* chat_setmode_voice_btn_normal.png */; };
		E247961521B136F500E95106 /* actionbar_camera_icon.png in Resources */ = {isa = PBXBuildFile; fileRef = E247960921B136F500E95106 /* actionbar_camera_icon.png */; };
		E247961621B136F500E95106 /* chat_from_bg_normal@2x.png in Resources */ = {isa = PBXBuildFile; fileRef = E247960A21B136F500E95106 /* chat_from_bg_normal@2x.png */; };
		E247961721B136F500E95106 /* chat_setmode_add_btn_high.png in Resources */ = {isa = PBXBuildFile; fileRef = E247960B21B136F500E95106 /* chat_setmode_add_btn_high.png */; };
		E247961821B136F500E95106 /* actionbar_picture_icon.png in Resources */ = {isa = PBXBuildFile; fileRef = E247960C21B136F500E95106 /* actionbar_picture_icon.png */; };
		E247961C21B6561400E95106 /* Target_Chat.m in Sources */ = {isa = PBXBuildFile; fileRef = E247961B21B6561400E95106 /* Target_Chat.m */; };
/* End PBXBuildFile section */

/* Begin PBXContainerItemProxy section */
		22FB66FF1F7F483B007A4888 /* PBXContainerItemProxy */ = {
			isa = PBXContainerItemProxy;
			containerPortal = 22FB66DD1F7F483B007A4888 /* Project object */;
			proxyType = 1;
			remoteGlobalIDString = 22FB66E41F7F483B007A4888;
			remoteInfo = Chat;
		};
		22FB670A1F7F483B007A4888 /* PBXContainerItemProxy */ = {
			isa = PBXContainerItemProxy;
			containerPortal = 22FB66DD1F7F483B007A4888 /* Project object */;
			proxyType = 1;
			remoteGlobalIDString = 22FB66E41F7F483B007A4888;
			remoteInfo = Chat;
		};
/* End PBXContainerItemProxy section */

/* Begin PBXFileReference section */
		1325FC757DE2C6949A6C6BAD /* Pods-ChatTests.release.xcconfig */ = {isa = PBXFileReference; includeInIndex = 1; lastKnownFileType = text.xcconfig; name = "Pods-ChatTests.release.xcconfig"; path = "Pods/Target Support Files/Pods-ChatTests/Pods-ChatTests.release.xcconfig"; sourceTree = "<group>"; };
		1580F30CDD59761F8D73D3A5 /* Pods-ChatUITests.debug.xcconfig */ = {isa = PBXFileReference; includeInIndex = 1; lastKnownFileType = text.xcconfig; name = "Pods-ChatUITests.debug.xcconfig"; path = "Pods/Target Support Files/Pods-ChatUITests/Pods-ChatUITests.debug.xcconfig"; sourceTree = "<group>"; };
		1BB2372F3D6ED503FC7EF68F /* Pods_Chat.framework */ = {isa = PBXFileReference; explicitFileType = wrapper.framework; includeInIndex = 0; path = Pods_Chat.framework; sourceTree = BUILT_PRODUCTS_DIR; };
		226672651FCD40A400B2DEF9 /* KeyboardViewController.m */ = {isa = PBXFileReference; fileEncoding = 4; lastKnownFileType = sourcecode.c.objc; path = KeyboardViewController.m; sourceTree = "<group>"; };
		226672661FCD40A400B2DEF9 /* KeyboardViewController.h */ = {isa = PBXFileReference; fileEncoding = 4; lastKnownFileType = sourcecode.c.h; path = KeyboardViewController.h; sourceTree = "<group>"; };
		226672671FCD40A400B2DEF9 /* Info.plist */ = {isa = PBXFileReference; fileEncoding = 4; lastKnownFileType = text.plist.xml; path = Info.plist; sourceTree = "<group>"; };
		22FA45341FB8A18600C5C391 /* AssetsLibrary.framework */ = {isa = PBXFileReference; lastKnownFileType = wrapper.framework; name = AssetsLibrary.framework; path = System/Library/Frameworks/AssetsLibrary.framework; sourceTree = SDKROOT; };
		22FB66E51F7F483B007A4888 /* Chat.app */ = {isa = PBXFileReference; explicitFileType = wrapper.application; includeInIndex = 0; path = Chat.app; sourceTree = BUILT_PRODUCTS_DIR; };
		22FB66E91F7F483B007A4888 /* main.m */ = {isa = PBXFileReference; lastKnownFileType = sourcecode.c.objc; path = main.m; sourceTree = "<group>"; };
		22FB66EB1F7F483B007A4888 /* AppDelegate.h */ = {isa = PBXFileReference; lastKnownFileType = sourcecode.c.h; path = AppDelegate.h; sourceTree = "<group>"; };
		22FB66EC1F7F483B007A4888 /* AppDelegate.m */ = {isa = PBXFileReference; lastKnownFileType = sourcecode.c.objc; path = AppDelegate.m; sourceTree = "<group>"; };
		22FB66F21F7F483B007A4888 /* Base */ = {isa = PBXFileReference; lastKnownFileType = file.storyboard; name = Base; path = Base.lproj/Main.storyboard; sourceTree = "<group>"; };
		22FB66F41F7F483B007A4888 /* Assets.xcassets */ = {isa = PBXFileReference; lastKnownFileType = folder.assetcatalog; path = Assets.xcassets; sourceTree = "<group>"; };
		22FB66F71F7F483B007A4888 /* Base */ = {isa = PBXFileReference; lastKnownFileType = file.storyboard; name = Base; path = Base.lproj/LaunchScreen.storyboard; sourceTree = "<group>"; };
		22FB66F91F7F483B007A4888 /* Info.plist */ = {isa = PBXFileReference; lastKnownFileType = text.plist.xml; path = Info.plist; sourceTree = "<group>"; };
		22FB66FE1F7F483B007A4888 /* ChatTests.xctest */ = {isa = PBXFileReference; explicitFileType = wrapper.cfbundle; includeInIndex = 0; path = ChatTests.xctest; sourceTree = BUILT_PRODUCTS_DIR; };
		22FB67021F7F483B007A4888 /* ChatTests.m */ = {isa = PBXFileReference; lastKnownFileType = sourcecode.c.objc; path = ChatTests.m; sourceTree = "<group>"; };
		22FB67041F7F483B007A4888 /* Info.plist */ = {isa = PBXFileReference; lastKnownFileType = text.plist.xml; path = Info.plist; sourceTree = "<group>"; };
		22FB67091F7F483B007A4888 /* ChatUITests.xctest */ = {isa = PBXFileReference; explicitFileType = wrapper.cfbundle; includeInIndex = 0; path = ChatUITests.xctest; sourceTree = BUILT_PRODUCTS_DIR; };
		22FB670D1F7F483B007A4888 /* ChatUITests.m */ = {isa = PBXFileReference; lastKnownFileType = sourcecode.c.objc; path = ChatUITests.m; sourceTree = "<group>"; };
		22FB670F1F7F483B007A4888 /* Info.plist */ = {isa = PBXFileReference; lastKnownFileType = text.plist.xml; path = Info.plist; sourceTree = "<group>"; };
		36E5085967E9999AB666A15C /* Pods_ChatUITests.framework */ = {isa = PBXFileReference; explicitFileType = wrapper.framework; includeInIndex = 0; path = Pods_ChatUITests.framework; sourceTree = BUILT_PRODUCTS_DIR; };
		567A92D781138F72A2B9A1AE /* Pods-ChatTests.debug.xcconfig */ = {isa = PBXFileReference; includeInIndex = 1; lastKnownFileType = text.xcconfig; name = "Pods-ChatTests.debug.xcconfig"; path = "Pods/Target Support Files/Pods-ChatTests/Pods-ChatTests.debug.xcconfig"; sourceTree = "<group>"; };
		5D102EC392ECE9685ABAA1F9 /* Pods-Chat.release.xcconfig */ = {isa = PBXFileReference; includeInIndex = 1; lastKnownFileType = text.xcconfig; name = "Pods-Chat.release.xcconfig"; path = "Pods/Target Support Files/Pods-Chat/Pods-Chat.release.xcconfig"; sourceTree = "<group>"; };
		63E3CFFCB44FDCC170F5A297 /* Pods_ChatTests.framework */ = {isa = PBXFileReference; explicitFileType = wrapper.framework; includeInIndex = 0; path = Pods_ChatTests.framework; sourceTree = BUILT_PRODUCTS_DIR; };
		7489F785E1BA24EFE6CD12EB /* Pods-ChatUITests.release.xcconfig */ = {isa = PBXFileReference; includeInIndex = 1; lastKnownFileType = text.xcconfig; name = "Pods-ChatUITests.release.xcconfig"; path = "Pods/Target Support Files/Pods-ChatUITests/Pods-ChatUITests.release.xcconfig"; sourceTree = "<group>"; };
		C6A6C671623AF85D655D0F53 /* Pods-Chat.debug.xcconfig */ = {isa = PBXFileReference; includeInIndex = 1; lastKnownFileType = text.xcconfig; name = "Pods-Chat.debug.xcconfig"; path = "Pods/Target Support Files/Pods-Chat/Pods-Chat.debug.xcconfig"; sourceTree = "<group>"; };
		E247958521B121DB00E95106 /* ChatConversationViewController.h */ = {isa = PBXFileReference; fileEncoding = 4; lastKnownFileType = sourcecode.c.h; path = ChatConversationViewController.h; sourceTree = "<group>"; };
		E247958621B121DB00E95106 /* ChatViewController.m */ = {isa = PBXFileReference; fileEncoding = 4; lastKnownFileType = sourcecode.c.objc; path = ChatViewController.m; sourceTree = "<group>"; };
		E247958721B121DB00E95106 /* ChatConversationViewController.m */ = {isa = PBXFileReference; fileEncoding = 4; lastKnownFileType = sourcecode.c.objc; path = ChatConversationViewController.m; sourceTree = "<group>"; };
		E247958821B121DB00E95106 /* ChatViewController.h */ = {isa = PBXFileReference; fileEncoding = 4; lastKnownFileType = sourcecode.c.h; path = ChatViewController.h; sourceTree = "<group>"; };
		E247958A21B121DB00E95106 /* ChatUserInfo.h */ = {isa = PBXFileReference; fileEncoding = 4; lastKnownFileType = sourcecode.c.h; path = ChatUserInfo.h; sourceTree = "<group>"; };
		E247958B21B121DB00E95106 /* ChatUI.m */ = {isa = PBXFileReference; fileEncoding = 4; lastKnownFileType = sourcecode.c.objc; path = ChatUI.m; sourceTree = "<group>"; };
		E247958C21B121DB00E95106 /* ChatMessage.h */ = {isa = PBXFileReference; fileEncoding = 4; lastKnownFileType = sourcecode.c.h; path = ChatMessage.h; sourceTree = "<group>"; };
		E247958D21B121DB00E95106 /* ChatMessageContent.m */ = {isa = PBXFileReference; fileEncoding = 4; lastKnownFileType = sourcecode.c.objc; path = ChatMessageContent.m; sourceTree = "<group>"; };
		E247958E21B121DB00E95106 /* ChatMessageCommon.h */ = {isa = PBXFileReference; fileEncoding = 4; lastKnownFileType = sourcecode.c.h; path = ChatMessageCommon.h; sourceTree = "<group>"; };
		E247958F21B121DB00E95106 /* ChatUI.h */ = {isa = PBXFileReference; fileEncoding = 4; lastKnownFileType = sourcecode.c.h; path = ChatUI.h; sourceTree = "<group>"; };
		E247959021B121DB00E95106 /* ChatUserInfo.m */ = {isa = PBXFileReference; fileEncoding = 4; lastKnownFileType = sourcecode.c.objc; path = ChatUserInfo.m; sourceTree = "<group>"; };
		E247959121B121DB00E95106 /* ChatMessage.m */ = {isa = PBXFileReference; fileEncoding = 4; lastKnownFileType = sourcecode.c.objc; path = ChatMessage.m; sourceTree = "<group>"; };
		E247959221B121DB00E95106 /* ChatMessageContent.h */ = {isa = PBXFileReference; fileEncoding = 4; lastKnownFileType = sourcecode.c.h; path = ChatMessageContent.h; sourceTree = "<group>"; };
		E247959521B121DB00E95106 /* ChatSessionInputBarControl.h */ = {isa = PBXFileReference; fileEncoding = 4; lastKnownFileType = sourcecode.c.h; path = ChatSessionInputBarControl.h; sourceTree = "<group>"; };
		E247959621B121DB00E95106 /* ChatSessionInputBarControl.m */ = {isa = PBXFileReference; fileEncoding = 4; lastKnownFileType = sourcecode.c.objc; path = ChatSessionInputBarControl.m; sourceTree = "<group>"; };
		E247959921B121DB00E95106 /* ChatMessageBubbleCell.h */ = {isa = PBXFileReference; fileEncoding = 4; lastKnownFileType = sourcecode.c.h; path = ChatMessageBubbleCell.h; sourceTree = "<group>"; };
		E247959A21B121DB00E95106 /* ChatMessageBaseCell.h */ = {isa = PBXFileReference; fileEncoding = 4; lastKnownFileType = sourcecode.c.h; path = ChatMessageBaseCell.h; sourceTree = "<group>"; };
		E247959B21B121DB00E95106 /* ChatMessageBubbleCell.m */ = {isa = PBXFileReference; fileEncoding = 4; lastKnownFileType = sourcecode.c.objc; path = ChatMessageBubbleCell.m; sourceTree = "<group>"; };
		E247959C21B121DB00E95106 /* ChatMessageBaseCell.m */ = {isa = PBXFileReference; fileEncoding = 4; lastKnownFileType = sourcecode.c.objc; path = ChatMessageBaseCell.m; sourceTree = "<group>"; };
		E247959E21B121DB00E95106 /* ChatMessageImageCell.h */ = {isa = PBXFileReference; fileEncoding = 4; lastKnownFileType = sourcecode.c.h; path = ChatMessageImageCell.h; sourceTree = "<group>"; };
		E24795A021B121DB00E95106 /* ChatImageMessageContent.h */ = {isa = PBXFileReference; fileEncoding = 4; lastKnownFileType = sourcecode.c.h; path = ChatImageMessageContent.h; sourceTree = "<group>"; };
		E24795A121B121DB00E95106 /* ChatImageMessageContent.m */ = {isa = PBXFileReference; fileEncoding = 4; lastKnownFileType = sourcecode.c.objc; path = ChatImageMessageContent.m; sourceTree = "<group>"; };
		E24795A221B121DB00E95106 /* ChatMessageImageCell.m */ = {isa = PBXFileReference; fileEncoding = 4; lastKnownFileType = sourcecode.c.objc; path = ChatMessageImageCell.m; sourceTree = "<group>"; };
		E24795A421B121DB00E95106 /* ChatMessageTextCell.h */ = {isa = PBXFileReference; fileEncoding = 4; lastKnownFileType = sourcecode.c.h; path = ChatMessageTextCell.h; sourceTree = "<group>"; };
		E24795A521B121DB00E95106 /* ChatMessageTextCell.m */ = {isa = PBXFileReference; fileEncoding = 4; lastKnownFileType = sourcecode.c.objc; path = ChatMessageTextCell.m; sourceTree = "<group>"; };
		E24795A721B121DB00E95106 /* ChatTextMessageContent.m */ = {isa = PBXFileReference; fileEncoding = 4; lastKnownFileType = sourcecode.c.objc; path = ChatTextMessageContent.m; sourceTree = "<group>"; };
		E24795A821B121DB00E95106 /* ChatTextMessageContent.h */ = {isa = PBXFileReference; fileEncoding = 4; lastKnownFileType = sourcecode.c.h; path = ChatTextMessageContent.h; sourceTree = "<group>"; };
		E24795AA21B121DB00E95106 /* ChatTableView.h */ = {isa = PBXFileReference; fileEncoding = 4; lastKnownFileType = sourcecode.c.h; path = ChatTableView.h; sourceTree = "<group>"; };
		E24795AB21B121DB00E95106 /* ChatTableView.m */ = {isa = PBXFileReference; fileEncoding = 4; lastKnownFileType = sourcecode.c.objc; path = ChatTableView.m; sourceTree = "<group>"; };
		E24795AE21B121DB00E95106 /* ChatEmojiItemCell.m */ = {isa = PBXFileReference; fileEncoding = 4; lastKnownFileType = sourcecode.c.objc; path = ChatEmojiItemCell.m; sourceTree = "<group>"; };
		E24795AF21B121DB00E95106 /* ChatEmojiBoardView.h */ = {isa = PBXFileReference; fileEncoding = 4; lastKnownFileType = sourcecode.c.h; path = ChatEmojiBoardView.h; sourceTree = "<group>"; };
		E24795B021B121DB00E95106 /* ChatEmojiItemCell.h */ = {isa = PBXFileReference; fileEncoding = 4; lastKnownFileType = sourcecode.c.h; path = ChatEmojiItemCell.h; sourceTree = "<group>"; };
		E24795B221B121DB00E95106 /* ChatEmojiItem.m */ = {isa = PBXFileReference; fileEncoding = 4; lastKnownFileType = sourcecode.c.objc; path = ChatEmojiItem.m; sourceTree = "<group>"; };
		E24795B321B121DB00E95106 /* ChatEmojiItem.h */ = {isa = PBXFileReference; fileEncoding = 4; lastKnownFileType = sourcecode.c.h; path = ChatEmojiItem.h; sourceTree = "<group>"; };
		E24795B421B121DB00E95106 /* ChatEmojiBoardView.m */ = {isa = PBXFileReference; fileEncoding = 4; lastKnownFileType = sourcecode.c.objc; path = ChatEmojiBoardView.m; sourceTree = "<group>"; };
		E24795B521B121DB00E95106 /* ChatKeyboard.h */ = {isa = PBXFileReference; fileEncoding = 4; lastKnownFileType = sourcecode.c.h; path = ChatKeyboard.h; sourceTree = "<group>"; };
		E24795B621B121DB00E95106 /* ChatKeyboard.m */ = {isa = PBXFileReference; fileEncoding = 4; lastKnownFileType = sourcecode.c.objc; path = ChatKeyboard.m; sourceTree = "<group>"; };
		E24795B821B121DB00E95106 /* ChatPluginBoardView.h */ = {isa = PBXFileReference; fileEncoding = 4; lastKnownFileType = sourcecode.c.h; path = ChatPluginBoardView.h; sourceTree = "<group>"; };
		E24795B921B121DB00E95106 /* ChatPluginItemCell.h */ = {isa = PBXFileReference; fileEncoding = 4; lastKnownFileType = sourcecode.c.h; path = ChatPluginItemCell.h; sourceTree = "<group>"; };
		E24795BA21B121DB00E95106 /* ChatPluginBoardView.m */ = {isa = PBXFileReference; fileEncoding = 4; lastKnownFileType = sourcecode.c.objc; path = ChatPluginBoardView.m; sourceTree = "<group>"; };
		E24795BC21B121DB00E95106 /* ChatPluginItem.h */ = {isa = PBXFileReference; fileEncoding = 4; lastKnownFileType = sourcecode.c.h; path = ChatPluginItem.h; sourceTree = "<group>"; };
		E24795BD21B121DB00E95106 /* ChatPluginItem.m */ = {isa = PBXFileReference; fileEncoding = 4; lastKnownFileType = sourcecode.c.objc; path = ChatPluginItem.m; sourceTree = "<group>"; };
		E24795BE21B121DB00E95106 /* ChatPluginItemCell.m */ = {isa = PBXFileReference; fileEncoding = 4; lastKnownFileType = sourcecode.c.objc; path = ChatPluginItemCell.m; sourceTree = "<group>"; };
		E24795C021B121DB00E95106 /* ChatService.h */ = {isa = PBXFileReference; fileEncoding = 4; lastKnownFileType = sourcecode.c.h; path = ChatService.h; sourceTree = "<group>"; };
		E24795C121B121DB00E95106 /* ChatService.m */ = {isa = PBXFileReference; fileEncoding = 4; lastKnownFileType = sourcecode.c.objc; path = ChatService.m; sourceTree = "<group>"; };
		E24795C421B121DB00E95106 /* NSString+ChatUI.h */ = {isa = PBXFileReference; fileEncoding = 4; lastKnownFileType = sourcecode.c.h; path = "NSString+ChatUI.h"; sourceTree = "<group>"; };
		E24795C521B121DB00E95106 /* UINavigationController+ChatUI.m */ = {isa = PBXFileReference; fileEncoding = 4; lastKnownFileType = sourcecode.c.objc; path = "UINavigationController+ChatUI.m"; sourceTree = "<group>"; };
		E24795C621B121DB00E95106 /* UIColor+ChatUI.m */ = {isa = PBXFileReference; fileEncoding = 4; lastKnownFileType = sourcecode.c.objc; path = "UIColor+ChatUI.m"; sourceTree = "<group>"; };
		E24795C721B121DB00E95106 /* UIView+ChatUI.m */ = {isa = PBXFileReference; fileEncoding = 4; lastKnownFileType = sourcecode.c.objc; path = "UIView+ChatUI.m"; sourceTree = "<group>"; };
		E24795C821B121DB00E95106 /* NSString+ChatUI.m */ = {isa = PBXFileReference; fileEncoding = 4; lastKnownFileType = sourcecode.c.objc; path = "NSString+ChatUI.m"; sourceTree = "<group>"; };
		E24795C921B121DB00E95106 /* UINavigationController+ChatUI.h */ = {isa = PBXFileReference; fileEncoding = 4; lastKnownFileType = sourcecode.c.h; path = "UINavigationController+ChatUI.h"; sourceTree = "<group>"; };
		E24795CA21B121DB00E95106 /* UIColor+ChatUI.h */ = {isa = PBXFileReference; fileEncoding = 4; lastKnownFileType = sourcecode.c.h; path = "UIColor+ChatUI.h"; sourceTree = "<group>"; };
		E24795CB21B121DB00E95106 /* UIView+ChatUI.h */ = {isa = PBXFileReference; fileEncoding = 4; lastKnownFileType = sourcecode.c.h; path = "UIView+ChatUI.h"; sourceTree = "<group>"; };
		E247960121B136F500E95106 /* chatting_biaoqing_btn_high.png */ = {isa = PBXFileReference; lastKnownFileType = image.png; path = chatting_biaoqing_btn_high.png; sourceTree = "<group>"; };
		E247960221B136F500E95106 /* chat_to_bg_normal@2x.png */ = {isa = PBXFileReference; lastKnownFileType = image.png; path = "chat_to_bg_normal@2x.png"; sourceTree = "<group>"; };
		E247960321B136F500E95106 /* chat_setmode_voice_btn_high.png */ = {isa = PBXFileReference; lastKnownFileType = image.png; path = chat_setmode_voice_btn_high.png; sourceTree = "<group>"; };
		E247960421B136F500E95106 /* chat_setmode_key_btn_normal.png */ = {isa = PBXFileReference; lastKnownFileType = image.png; path = chat_setmode_key_btn_normal.png; sourceTree = "<group>"; };
		E247960521B136F500E95106 /* chatting_biaoqing_btn_normal.png */ = {isa = PBXFileReference; lastKnownFileType = image.png; path = chatting_biaoqing_btn_normal.png; sourceTree = "<group>"; };
		E247960621B136F500E95106 /* chat_setmode_add_btn_normal.png */ = {isa = PBXFileReference; lastKnownFileType = image.png; path = chat_setmode_add_btn_normal.png; sourceTree = "<group>"; };
		E247960721B136F500E95106 /* chat_setmode_key_btn_high.png */ = {isa = PBXFileReference; lastKnownFileType = image.png; path = chat_setmode_key_btn_high.png; sourceTree = "<group>"; };
		E247960821B136F500E95106 /* chat_setmode_voice_btn_normal.png */ = {isa = PBXFileReference; lastKnownFileType = image.png; path = chat_setmode_voice_btn_normal.png; sourceTree = "<group>"; };
		E247960921B136F500E95106 /* actionbar_camera_icon.png */ = {isa = PBXFileReference; lastKnownFileType = image.png; path = actionbar_camera_icon.png; sourceTree = "<group>"; };
		E247960A21B136F500E95106 /* chat_from_bg_normal@2x.png */ = {isa = PBXFileReference; lastKnownFileType = image.png; path = "chat_from_bg_normal@2x.png"; sourceTree = "<group>"; };
		E247960B21B136F500E95106 /* chat_setmode_add_btn_high.png */ = {isa = PBXFileReference; lastKnownFileType = image.png; path = chat_setmode_add_btn_high.png; sourceTree = "<group>"; };
		E247960C21B136F500E95106 /* actionbar_picture_icon.png */ = {isa = PBXFileReference; lastKnownFileType = image.png; path = actionbar_picture_icon.png; sourceTree = "<group>"; };
		E247961A21B6561400E95106 /* Target_Chat.h */ = {isa = PBXFileReference; lastKnownFileType = sourcecode.c.h; path = Target_Chat.h; sourceTree = "<group>"; };
		E247961B21B6561400E95106 /* Target_Chat.m */ = {isa = PBXFileReference; lastKnownFileType = sourcecode.c.objc; path = Target_Chat.m; sourceTree = "<group>"; };
/* End PBXFileReference section */

/* Begin PBXFrameworksBuildPhase section */
		22FB66E21F7F483B007A4888 /* Frameworks */ = {
			isa = PBXFrameworksBuildPhase;
			buildActionMask = 2147483647;
			files = (
				9798A3169918966E2F106AC2 /* Pods_Chat.framework in Frameworks */,
			);
			runOnlyForDeploymentPostprocessing = 0;
		};
		22FB66FB1F7F483B007A4888 /* Frameworks */ = {
			isa = PBXFrameworksBuildPhase;
			buildActionMask = 2147483647;
			files = (
				1662ABD4B8CA009588B4ECEF /* Pods_ChatTests.framework in Frameworks */,
			);
			runOnlyForDeploymentPostprocessing = 0;
		};
		22FB67061F7F483B007A4888 /* Frameworks */ = {
			isa = PBXFrameworksBuildPhase;
			buildActionMask = 2147483647;
			files = (
				47C82F2922DA4ABEB1CC9223 /* Pods_ChatUITests.framework in Frameworks */,
			);
			runOnlyForDeploymentPostprocessing = 0;
		};
/* End PBXFrameworksBuildPhase section */

/* Begin PBXGroup section */
		0CE5E1A83BE80603A7C94A78 /* Pods */ = {
			isa = PBXGroup;
			children = (
				C6A6C671623AF85D655D0F53 /* Pods-Chat.debug.xcconfig */,
				5D102EC392ECE9685ABAA1F9 /* Pods-Chat.release.xcconfig */,
				567A92D781138F72A2B9A1AE /* Pods-ChatTests.debug.xcconfig */,
				1325FC757DE2C6949A6C6BAD /* Pods-ChatTests.release.xcconfig */,
				1580F30CDD59761F8D73D3A5 /* Pods-ChatUITests.debug.xcconfig */,
				7489F785E1BA24EFE6CD12EB /* Pods-ChatUITests.release.xcconfig */,
			);
			name = Pods;
			sourceTree = "<group>";
		};
		226672641FCD40A400B2DEF9 /* EmojiKeyboard */ = {
			isa = PBXGroup;
			children = (
				226672651FCD40A400B2DEF9 /* KeyboardViewController.m */,
				226672661FCD40A400B2DEF9 /* KeyboardViewController.h */,
				226672671FCD40A400B2DEF9 /* Info.plist */,
			);
			path = EmojiKeyboard;
			sourceTree = SOURCE_ROOT;
		};
		22FB66DC1F7F483B007A4888 = {
			isa = PBXGroup;
			children = (
				22FB66E71F7F483B007A4888 /* Chat */,
				22FB67011F7F483B007A4888 /* ChatTests */,
				22FB670C1F7F483B007A4888 /* ChatUITests */,
				226672641FCD40A400B2DEF9 /* EmojiKeyboard */,
				22FB66E61F7F483B007A4888 /* Products */,
				0CE5E1A83BE80603A7C94A78 /* Pods */,
				AC12FA17F7B05CAB8CEA7C82 /* Frameworks */,
			);
			sourceTree = "<group>";
		};
		22FB66E61F7F483B007A4888 /* Products */ = {
			isa = PBXGroup;
			children = (
				22FB66E51F7F483B007A4888 /* Chat.app */,
				22FB66FE1F7F483B007A4888 /* ChatTests.xctest */,
				22FB67091F7F483B007A4888 /* ChatUITests.xctest */,
			);
			name = Products;
			sourceTree = "<group>";
		};
		22FB66E71F7F483B007A4888 /* Chat */ = {
			isa = PBXGroup;
			children = (
				E247958221B121DB00E95106 /* ChatUI-Demo */,
				22FB66EB1F7F483B007A4888 /* AppDelegate.h */,
				22FB66EC1F7F483B007A4888 /* AppDelegate.m */,
				E247958821B121DB00E95106 /* ChatViewController.h */,
				E247958621B121DB00E95106 /* ChatViewController.m */,
				22FB66F11F7F483B007A4888 /* Main.storyboard */,
				22FB66F41F7F483B007A4888 /* Assets.xcassets */,
				22FB66F61F7F483B007A4888 /* LaunchScreen.storyboard */,
				22FB66F91F7F483B007A4888 /* Info.plist */,
				22FB66E81F7F483B007A4888 /* Supporting Files */,
			);
			path = Chat;
			sourceTree = "<group>";
		};
		22FB66E81F7F483B007A4888 /* Supporting Files */ = {
			isa = PBXGroup;
			children = (
				22FB66E91F7F483B007A4888 /* main.m */,
			);
			name = "Supporting Files";
			sourceTree = "<group>";
		};
		22FB67011F7F483B007A4888 /* ChatTests */ = {
			isa = PBXGroup;
			children = (
				22FB67021F7F483B007A4888 /* ChatTests.m */,
				22FB67041F7F483B007A4888 /* Info.plist */,
			);
			path = ChatTests;
			sourceTree = "<group>";
		};
		22FB670C1F7F483B007A4888 /* ChatUITests */ = {
			isa = PBXGroup;
			children = (
				22FB670D1F7F483B007A4888 /* ChatUITests.m */,
				22FB670F1F7F483B007A4888 /* Info.plist */,
			);
			path = ChatUITests;
			sourceTree = "<group>";
		};
		AC12FA17F7B05CAB8CEA7C82 /* Frameworks */ = {
			isa = PBXGroup;
			children = (
				22FA45341FB8A18600C5C391 /* AssetsLibrary.framework */,
				1BB2372F3D6ED503FC7EF68F /* Pods_Chat.framework */,
				63E3CFFCB44FDCC170F5A297 /* Pods_ChatTests.framework */,
				36E5085967E9999AB666A15C /* Pods_ChatUITests.framework */,
			);
			name = Frameworks;
			sourceTree = "<group>";
		};
		E247958221B121DB00E95106 /* ChatUI-Demo */ = {
			isa = PBXGroup;
			children = (
				E247961921B655C600E95106 /* TargetAction */,
				E247960021B136F500E95106 /* Resources */,
				E247958321B121DB00E95106 /* ChatUI */,
				E24795C221B121DB00E95106 /* Base */,
				E24795CC21B121DB00E95106 /* Vendor */,
			);
			path = "ChatUI-Demo";
			sourceTree = "<group>";
		};
		E247958321B121DB00E95106 /* ChatUI */ = {
			isa = PBXGroup;
			children = (
				E247958421B121DB00E95106 /* Controller */,
				E247958921B121DB00E95106 /* Model */,
				E247959321B121DB00E95106 /* View */,
				E24795BF21B121DB00E95106 /* Service */,
			);
			path = ChatUI;
			sourceTree = "<group>";
		};
		E247958421B121DB00E95106 /* Controller */ = {
			isa = PBXGroup;
			children = (
				E247958521B121DB00E95106 /* ChatConversationViewController.h */,
				E247958721B121DB00E95106 /* ChatConversationViewController.m */,
			);
			path = Controller;
			sourceTree = "<group>";
		};
		E247958921B121DB00E95106 /* Model */ = {
			isa = PBXGroup;
			children = (
				E247958F21B121DB00E95106 /* ChatUI.h */,
				E247958B21B121DB00E95106 /* ChatUI.m */,
				E247958A21B121DB00E95106 /* ChatUserInfo.h */,
				E247959021B121DB00E95106 /* ChatUserInfo.m */,
				E247958C21B121DB00E95106 /* ChatMessage.h */,
				E247959121B121DB00E95106 /* ChatMessage.m */,
				E247958E21B121DB00E95106 /* ChatMessageCommon.h */,
				E247959221B121DB00E95106 /* ChatMessageContent.h */,
				E247958D21B121DB00E95106 /* ChatMessageContent.m */,
			);
			path = Model;
			sourceTree = "<group>";
		};
		E247959321B121DB00E95106 /* View */ = {
			isa = PBXGroup;
			children = (
				E247959421B121DB00E95106 /* ChatInputView */,
				E247959721B121DB00E95106 /* MessageCell */,
				E24795A921B121DB00E95106 /* ChatTableView */,
				E24795AC21B121DB00E95106 /* ChatKeyboard */,
			);
			path = View;
			sourceTree = "<group>";
		};
		E247959421B121DB00E95106 /* ChatInputView */ = {
			isa = PBXGroup;
			children = (
				E247959521B121DB00E95106 /* ChatSessionInputBarControl.h */,
				E247959621B121DB00E95106 /* ChatSessionInputBarControl.m */,
			);
			path = ChatInputView;
			sourceTree = "<group>";
		};
		E247959721B121DB00E95106 /* MessageCell */ = {
			isa = PBXGroup;
			children = (
				E247959821B121DB00E95106 /* core */,
				E247959D21B121DB00E95106 /* MessageImageCell */,
				E24795A321B121DB00E95106 /* MessageTextCell */,
			);
			path = MessageCell;
			sourceTree = "<group>";
		};
		E247959821B121DB00E95106 /* core */ = {
			isa = PBXGroup;
			children = (
				E247959A21B121DB00E95106 /* ChatMessageBaseCell.h */,
				E247959C21B121DB00E95106 /* ChatMessageBaseCell.m */,
				E247959921B121DB00E95106 /* ChatMessageBubbleCell.h */,
				E247959B21B121DB00E95106 /* ChatMessageBubbleCell.m */,
			);
			path = core;
			sourceTree = "<group>";
		};
		E247959D21B121DB00E95106 /* MessageImageCell */ = {
			isa = PBXGroup;
			children = (
				E247959E21B121DB00E95106 /* ChatMessageImageCell.h */,
				E24795A221B121DB00E95106 /* ChatMessageImageCell.m */,
				E247959F21B121DB00E95106 /* model */,
			);
			path = MessageImageCell;
			sourceTree = "<group>";
		};
		E247959F21B121DB00E95106 /* model */ = {
			isa = PBXGroup;
			children = (
				E24795A021B121DB00E95106 /* ChatImageMessageContent.h */,
				E24795A121B121DB00E95106 /* ChatImageMessageContent.m */,
			);
			path = model;
			sourceTree = "<group>";
		};
		E24795A321B121DB00E95106 /* MessageTextCell */ = {
			isa = PBXGroup;
			children = (
				E24795A421B121DB00E95106 /* ChatMessageTextCell.h */,
				E24795A521B121DB00E95106 /* ChatMessageTextCell.m */,
				E24795A621B121DB00E95106 /* model */,
			);
			path = MessageTextCell;
			sourceTree = "<group>";
		};
		E24795A621B121DB00E95106 /* model */ = {
			isa = PBXGroup;
			children = (
				E24795A821B121DB00E95106 /* ChatTextMessageContent.h */,
				E24795A721B121DB00E95106 /* ChatTextMessageContent.m */,
			);
			path = model;
			sourceTree = "<group>";
		};
		E24795A921B121DB00E95106 /* ChatTableView */ = {
			isa = PBXGroup;
			children = (
				E24795AA21B121DB00E95106 /* ChatTableView.h */,
				E24795AB21B121DB00E95106 /* ChatTableView.m */,
			);
			path = ChatTableView;
			sourceTree = "<group>";
		};
		E24795AC21B121DB00E95106 /* ChatKeyboard */ = {
			isa = PBXGroup;
			children = (
				E24795B521B121DB00E95106 /* ChatKeyboard.h */,
				E24795B621B121DB00E95106 /* ChatKeyboard.m */,
				E24795AD21B121DB00E95106 /* ChatEmojiBoardView */,
				E24795B721B121DB00E95106 /* ChatPluginBoardView */,
			);
			path = ChatKeyboard;
			sourceTree = "<group>";
		};
		E24795AD21B121DB00E95106 /* ChatEmojiBoardView */ = {
			isa = PBXGroup;
			children = (
				E24795B021B121DB00E95106 /* ChatEmojiItemCell.h */,
				E24795AE21B121DB00E95106 /* ChatEmojiItemCell.m */,
				E24795AF21B121DB00E95106 /* ChatEmojiBoardView.h */,
				E24795B421B121DB00E95106 /* ChatEmojiBoardView.m */,
				E24795B121B121DB00E95106 /* model */,
			);
			path = ChatEmojiBoardView;
			sourceTree = "<group>";
		};
		E24795B121B121DB00E95106 /* model */ = {
			isa = PBXGroup;
			children = (
				E24795B221B121DB00E95106 /* ChatEmojiItem.m */,
				E24795B321B121DB00E95106 /* ChatEmojiItem.h */,
			);
			path = model;
			sourceTree = "<group>";
		};
		E24795B721B121DB00E95106 /* ChatPluginBoardView */ = {
			isa = PBXGroup;
			children = (
				E24795B821B121DB00E95106 /* ChatPluginBoardView.h */,
				E24795BA21B121DB00E95106 /* ChatPluginBoardView.m */,
				E24795B921B121DB00E95106 /* ChatPluginItemCell.h */,
				E24795BE21B121DB00E95106 /* ChatPluginItemCell.m */,
				E24795BB21B121DB00E95106 /* model */,
			);
			path = ChatPluginBoardView;
			sourceTree = "<group>";
		};
		E24795BB21B121DB00E95106 /* model */ = {
			isa = PBXGroup;
			children = (
				E24795BC21B121DB00E95106 /* ChatPluginItem.h */,
				E24795BD21B121DB00E95106 /* ChatPluginItem.m */,
			);
			path = model;
			sourceTree = "<group>";
		};
		E24795BF21B121DB00E95106 /* Service */ = {
			isa = PBXGroup;
			children = (
				E24795C021B121DB00E95106 /* ChatService.h */,
				E24795C121B121DB00E95106 /* ChatService.m */,
			);
			path = Service;
			sourceTree = "<group>";
		};
		E24795C221B121DB00E95106 /* Base */ = {
			isa = PBXGroup;
			children = (
				E24795C321B121DB00E95106 /* Category */,
			);
			path = Base;
			sourceTree = "<group>";
		};
		E24795C321B121DB00E95106 /* Category */ = {
			isa = PBXGroup;
			children = (
				E24795C421B121DB00E95106 /* NSString+ChatUI.h */,
				E24795C821B121DB00E95106 /* NSString+ChatUI.m */,
				E24795CA21B121DB00E95106 /* UIColor+ChatUI.h */,
				E24795C621B121DB00E95106 /* UIColor+ChatUI.m */,
				E24795CB21B121DB00E95106 /* UIView+ChatUI.h */,
				E24795C721B121DB00E95106 /* UIView+ChatUI.m */,
				E24795C921B121DB00E95106 /* UINavigationController+ChatUI.h */,
				E24795C521B121DB00E95106 /* UINavigationController+ChatUI.m */,
			);
			path = Category;
			sourceTree = "<group>";
		};
		E24795CC21B121DB00E95106 /* Vendor */ = {
			isa = PBXGroup;
			children = (
			);
			path = Vendor;
			sourceTree = "<group>";
		};
		E247960021B136F500E95106 /* Resources */ = {
			isa = PBXGroup;
			children = (
				E247960121B136F500E95106 /* chatting_biaoqing_btn_high.png */,
				E247960221B136F500E95106 /* chat_to_bg_normal@2x.png */,
				E247960321B136F500E95106 /* chat_setmode_voice_btn_high.png */,
				E247960421B136F500E95106 /* chat_setmode_key_btn_normal.png */,
				E247960521B136F500E95106 /* chatting_biaoqing_btn_normal.png */,
				E247960621B136F500E95106 /* chat_setmode_add_btn_normal.png */,
				E247960721B136F500E95106 /* chat_setmode_key_btn_high.png */,
				E247960821B136F500E95106 /* chat_setmode_voice_btn_normal.png */,
				E247960921B136F500E95106 /* actionbar_camera_icon.png */,
				E247960A21B136F500E95106 /* chat_from_bg_normal@2x.png */,
				E247960B21B136F500E95106 /* chat_setmode_add_btn_high.png */,
				E247960C21B136F500E95106 /* actionbar_picture_icon.png */,
			);
			path = Resources;
			sourceTree = "<group>";
		};
		E247961921B655C600E95106 /* TargetAction */ = {
			isa = PBXGroup;
			children = (
				E247961A21B6561400E95106 /* Target_Chat.h */,
				E247961B21B6561400E95106 /* Target_Chat.m */,
			);
			path = TargetAction;
			sourceTree = "<group>";
		};
/* End PBXGroup section */

/* Begin PBXNativeTarget section */
		22FB66E41F7F483B007A4888 /* Chat */ = {
			isa = PBXNativeTarget;
			buildConfigurationList = 22FB67121F7F483B007A4888 /* Build configuration list for PBXNativeTarget "Chat" */;
			buildPhases = (
				68A4C76C9E4C7A36970C8D18 /* [CP] Check Pods Manifest.lock */,
				22FB66E11F7F483B007A4888 /* Sources */,
				22FB66E21F7F483B007A4888 /* Frameworks */,
				22FB66E31F7F483B007A4888 /* Resources */,
				22DF97D31FBBD3A1004EE701 /* ShellScript */,
				D6D99A05DD4639E64E09B960 /* [CP] Embed Pods Frameworks */,
			);
			buildRules = (
			);
			dependencies = (
			);
			name = Chat;
			productName = Chat;
			productReference = 22FB66E51F7F483B007A4888 /* Chat.app */;
			productType = "com.apple.product-type.application";
		};
		22FB66FD1F7F483B007A4888 /* ChatTests */ = {
			isa = PBXNativeTarget;
			buildConfigurationList = 22FB67151F7F483B007A4888 /* Build configuration list for PBXNativeTarget "ChatTests" */;
			buildPhases = (
				4B3CCE0AA5DCE88F5F6A986C /* [CP] Check Pods Manifest.lock */,
				22FB66FA1F7F483B007A4888 /* Sources */,
				22FB66FB1F7F483B007A4888 /* Frameworks */,
				22FB66FC1F7F483B007A4888 /* Resources */,
			);
			buildRules = (
			);
			dependencies = (
				22FB67001F7F483B007A4888 /* PBXTargetDependency */,
			);
			name = ChatTests;
			productName = ChatTests;
			productReference = 22FB66FE1F7F483B007A4888 /* ChatTests.xctest */;
			productType = "com.apple.product-type.bundle.unit-test";
		};
		22FB67081F7F483B007A4888 /* ChatUITests */ = {
			isa = PBXNativeTarget;
			buildConfigurationList = 22FB67181F7F483B007A4888 /* Build configuration list for PBXNativeTarget "ChatUITests" */;
			buildPhases = (
				0A56CF38FF78350C8F80418A /* [CP] Check Pods Manifest.lock */,
				22FB67051F7F483B007A4888 /* Sources */,
				22FB67061F7F483B007A4888 /* Frameworks */,
				22FB67071F7F483B007A4888 /* Resources */,
			);
			buildRules = (
			);
			dependencies = (
				22FB670B1F7F483B007A4888 /* PBXTargetDependency */,
			);
			name = ChatUITests;
			productName = ChatUITests;
			productReference = 22FB67091F7F483B007A4888 /* ChatUITests.xctest */;
			productType = "com.apple.product-type.bundle.ui-testing";
		};
/* End PBXNativeTarget section */

/* Begin PBXProject section */
		22FB66DD1F7F483B007A4888 /* Project object */ = {
			isa = PBXProject;
			attributes = {
				LastUpgradeCheck = 0900;
				ORGANIZATIONNAME = "李立";
				TargetAttributes = {
					22FB66E41F7F483B007A4888 = {
						CreatedOnToolsVersion = 8.3.3;
						DevelopmentTeam = 5YNX8VL4CA;
						ProvisioningStyle = Automatic;
					};
					22FB66FD1F7F483B007A4888 = {
						CreatedOnToolsVersion = 8.3.3;
						DevelopmentTeam = 4J96E2Q5H6;
						ProvisioningStyle = Automatic;
						TestTargetID = 22FB66E41F7F483B007A4888;
					};
					22FB67081F7F483B007A4888 = {
						CreatedOnToolsVersion = 8.3.3;
						DevelopmentTeam = 4J96E2Q5H6;
						ProvisioningStyle = Automatic;
						TestTargetID = 22FB66E41F7F483B007A4888;
					};
				};
			};
			buildConfigurationList = 22FB66E01F7F483B007A4888 /* Build configuration list for PBXProject "Chat" */;
			compatibilityVersion = "Xcode 3.2";
			developmentRegion = English;
			hasScannedForEncodings = 0;
			knownRegions = (
				en,
				Base,
			);
			mainGroup = 22FB66DC1F7F483B007A4888;
			productRefGroup = 22FB66E61F7F483B007A4888 /* Products */;
			projectDirPath = "";
			projectRoot = "";
			targets = (
				22FB66E41F7F483B007A4888 /* Chat */,
				22FB66FD1F7F483B007A4888 /* ChatTests */,
				22FB67081F7F483B007A4888 /* ChatUITests */,
			);
		};
/* End PBXProject section */

/* Begin PBXResourcesBuildPhase section */
		22FB66E31F7F483B007A4888 /* Resources */ = {
			isa = PBXResourcesBuildPhase;
			buildActionMask = 2147483647;
			files = (
				E247961621B136F500E95106 /* chat_from_bg_normal@2x.png in Resources */,
				E247960D21B136F500E95106 /* chatting_biaoqing_btn_high.png in Resources */,
				E247961821B136F500E95106 /* actionbar_picture_icon.png in Resources */,
				E247960F21B136F500E95106 /* chat_setmode_voice_btn_high.png in Resources */,
				22FB66F81F7F483B007A4888 /* LaunchScreen.storyboard in Resources */,
				E247961421B136F500E95106 /* chat_setmode_voice_btn_normal.png in Resources */,
				E247960E21B136F500E95106 /* chat_to_bg_normal@2x.png in Resources */,
				E247961221B136F500E95106 /* chat_setmode_add_btn_normal.png in Resources */,
				E247961021B136F500E95106 /* chat_setmode_key_btn_normal.png in Resources */,
				E247961321B136F500E95106 /* chat_setmode_key_btn_high.png in Resources */,
				E247961721B136F500E95106 /* chat_setmode_add_btn_high.png in Resources */,
				22FB66F51F7F483B007A4888 /* Assets.xcassets in Resources */,
				E247961521B136F500E95106 /* actionbar_camera_icon.png in Resources */,
				22FB66F31F7F483B007A4888 /* Main.storyboard in Resources */,
				E247961121B136F500E95106 /* chatting_biaoqing_btn_normal.png in Resources */,
			);
			runOnlyForDeploymentPostprocessing = 0;
		};
		22FB66FC1F7F483B007A4888 /* Resources */ = {
			isa = PBXResourcesBuildPhase;
			buildActionMask = 2147483647;
			files = (
			);
			runOnlyForDeploymentPostprocessing = 0;
		};
		22FB67071F7F483B007A4888 /* Resources */ = {
			isa = PBXResourcesBuildPhase;
			buildActionMask = 2147483647;
			files = (
			);
			runOnlyForDeploymentPostprocessing = 0;
		};
/* End PBXResourcesBuildPhase section */

/* Begin PBXShellScriptBuildPhase section */
		0A56CF38FF78350C8F80418A /* [CP] Check Pods Manifest.lock */ = {
			isa = PBXShellScriptBuildPhase;
			buildActionMask = 2147483647;
			files = (
			);
			inputPaths = (
				"${PODS_PODFILE_DIR_PATH}/Podfile.lock",
				"${PODS_ROOT}/Manifest.lock",
			);
			name = "[CP] Check Pods Manifest.lock";
			outputPaths = (
				"$(DERIVED_FILE_DIR)/Pods-ChatUITests-checkManifestLockResult.txt",
			);
			runOnlyForDeploymentPostprocessing = 0;
			shellPath = /bin/sh;
			shellScript = "diff \"${PODS_PODFILE_DIR_PATH}/Podfile.lock\" \"${PODS_ROOT}/Manifest.lock\" > /dev/null\nif [ $? != 0 ] ; then\n    # print error to STDERR\n    echo \"error: The sandbox is not in sync with the Podfile.lock. Run 'pod install' or update your CocoaPods installation.\" >&2\n    exit 1\nfi\n# This output is used by Xcode 'outputs' to avoid re-running this script phase.\necho \"SUCCESS\" > \"${SCRIPT_OUTPUT_FILE_0}\"\n";
			showEnvVarsInLog = 0;
		};
		22DF97D31FBBD3A1004EE701 /* ShellScript */ = {
			isa = PBXShellScriptBuildPhase;
			buildActionMask = 12;
			files = (
			);
			inputPaths = (
			);
			outputPaths = (
			);
			runOnlyForDeploymentPostprocessing = 0;
			shellPath = /bin/sh;
			shellScript = "version=`/usr/libexec/PlistBuddy -c \"Print CFBundleVersion\" $PRODUCT_SETTINGS_PATH`\nversion=`expr $version + 1`\n/usr/libexec/PlistBuddy -c \"Set :CFBundleVersion $version\" $PRODUCT_SETTINGS_PATH";
		};
		4B3CCE0AA5DCE88F5F6A986C /* [CP] Check Pods Manifest.lock */ = {
			isa = PBXShellScriptBuildPhase;
			buildActionMask = 2147483647;
			files = (
			);
			inputPaths = (
				"${PODS_PODFILE_DIR_PATH}/Podfile.lock",
				"${PODS_ROOT}/Manifest.lock",
			);
			name = "[CP] Check Pods Manifest.lock";
			outputPaths = (
				"$(DERIVED_FILE_DIR)/Pods-ChatTests-checkManifestLockResult.txt",
			);
			runOnlyForDeploymentPostprocessing = 0;
			shellPath = /bin/sh;
			shellScript = "diff \"${PODS_PODFILE_DIR_PATH}/Podfile.lock\" \"${PODS_ROOT}/Manifest.lock\" > /dev/null\nif [ $? != 0 ] ; then\n    # print error to STDERR\n    echo \"error: The sandbox is not in sync with the Podfile.lock. Run 'pod install' or update your CocoaPods installation.\" >&2\n    exit 1\nfi\n# This output is used by Xcode 'outputs' to avoid re-running this script phase.\necho \"SUCCESS\" > \"${SCRIPT_OUTPUT_FILE_0}\"\n";
			showEnvVarsInLog = 0;
		};
		68A4C76C9E4C7A36970C8D18 /* [CP] Check Pods Manifest.lock */ = {
			isa = PBXShellScriptBuildPhase;
			buildActionMask = 2147483647;
			files = (
			);
			inputPaths = (
				"${PODS_PODFILE_DIR_PATH}/Podfile.lock",
				"${PODS_ROOT}/Manifest.lock",
			);
			name = "[CP] Check Pods Manifest.lock";
			outputPaths = (
				"$(DERIVED_FILE_DIR)/Pods-Chat-checkManifestLockResult.txt",
			);
			runOnlyForDeploymentPostprocessing = 0;
			shellPath = /bin/sh;
			shellScript = "diff \"${PODS_PODFILE_DIR_PATH}/Podfile.lock\" \"${PODS_ROOT}/Manifest.lock\" > /dev/null\nif [ $? != 0 ] ; then\n    # print error to STDERR\n    echo \"error: The sandbox is not in sync with the Podfile.lock. Run 'pod install' or update your CocoaPods installation.\" >&2\n    exit 1\nfi\n# This output is used by Xcode 'outputs' to avoid re-running this script phase.\necho \"SUCCESS\" > \"${SCRIPT_OUTPUT_FILE_0}\"\n";
			showEnvVarsInLog = 0;
		};
		D6D99A05DD4639E64E09B960 /* [CP] Embed Pods Frameworks */ = {
			isa = PBXShellScriptBuildPhase;
			buildActionMask = 2147483647;
			files = (
			);
			inputFileListPaths = (
			);
			inputPaths = (
				"${PODS_ROOT}/Target Support Files/Pods-Chat/Pods-Chat-frameworks.sh",
				"${BUILT_PRODUCTS_DIR}/FMDB/FMDB.framework",
				"${BUILT_PRODUCTS_DIR}/Masonry/Masonry.framework",
				"${BUILT_PRODUCTS_DIR}/SDWebImage/SDWebImage.framework",
				"${BUILT_PRODUCTS_DIR}/TZImagePickerController/TZImagePickerController.framework",
				"${BUILT_PRODUCTS_DIR}/UITableView+FDTemplateLayoutCell/UITableView_FDTemplateLayoutCell.framework",
				"${BUILT_PRODUCTS_DIR}/YYText/YYText.framework",
			);
			name = "[CP] Embed Pods Frameworks";
			outputFileListPaths = (
			);
			outputPaths = (
				"${TARGET_BUILD_DIR}/${FRAMEWORKS_FOLDER_PATH}/FMDB.framework",
				"${TARGET_BUILD_DIR}/${FRAMEWORKS_FOLDER_PATH}/Masonry.framework",
				"${TARGET_BUILD_DIR}/${FRAMEWORKS_FOLDER_PATH}/SDWebImage.framework",
				"${TARGET_BUILD_DIR}/${FRAMEWORKS_FOLDER_PATH}/TZImagePickerController.framework",
				"${TARGET_BUILD_DIR}/${FRAMEWORKS_FOLDER_PATH}/UITableView_FDTemplateLayoutCell.framework",
				"${TARGET_BUILD_DIR}/${FRAMEWORKS_FOLDER_PATH}/YYText.framework",
			);
			runOnlyForDeploymentPostprocessing = 0;
			shellPath = /bin/sh;
			shellScript = "\"${PODS_ROOT}/Target Support Files/Pods-Chat/Pods-Chat-frameworks.sh\"\n";
			showEnvVarsInLog = 0;
		};
/* End PBXShellScriptBuildPhase section */

/* Begin PBXSourcesBuildPhase section */
		22FB66E11F7F483B007A4888 /* Sources */ = {
			isa = PBXSourcesBuildPhase;
			buildActionMask = 2147483647;
			files = (
				E24795E521B121DB00E95106 /* UIView+ChatUI.m in Sources */,
				E24795D621B121DB00E95106 /* ChatImageMessageContent.m in Sources */,
				E24795D721B121DB00E95106 /* ChatMessageImageCell.m in Sources */,
				E24795CE21B121DB00E95106 /* ChatConversationViewController.m in Sources */,
				E24795D821B121DB00E95106 /* ChatMessageTextCell.m in Sources */,
				22FB66ED1F7F483B007A4888 /* AppDelegate.m in Sources */,
				E24795D421B121DB00E95106 /* ChatMessageBubbleCell.m in Sources */,
				E24795D021B121DB00E95106 /* ChatMessageContent.m in Sources */,
				E24795D521B121DB00E95106 /* ChatMessageBaseCell.m in Sources */,
				E24795DF21B121DB00E95106 /* ChatPluginBoardView.m in Sources */,
				E24795D921B121DB00E95106 /* ChatTextMessageContent.m in Sources */,
				E24795D221B121DB00E95106 /* ChatMessage.m in Sources */,
				E24795DD21B121DB00E95106 /* ChatEmojiBoardView.m in Sources */,
				E24795E221B121DB00E95106 /* ChatService.m in Sources */,
				E24795E321B121DB00E95106 /* UINavigationController+ChatUI.m in Sources */,
				E24795E021B121DB00E95106 /* ChatPluginItem.m in Sources */,
				E24795E121B121DB00E95106 /* ChatPluginItemCell.m in Sources */,
				E24795E621B121DB00E95106 /* NSString+ChatUI.m in Sources */,
				22FB66EA1F7F483B007A4888 /* main.m in Sources */,
				E24795D121B121DB00E95106 /* ChatUserInfo.m in Sources */,
				E24795CD21B121DB00E95106 /* ChatViewController.m in Sources */,
				E24795DA21B121DB00E95106 /* ChatTableView.m in Sources */,
				E24795DE21B121DB00E95106 /* ChatKeyboard.m in Sources */,
				226672681FCD40A500B2DEF9 /* KeyboardViewController.m in Sources */,
				E24795DB21B121DB00E95106 /* ChatEmojiItemCell.m in Sources */,
				E24795DC21B121DB00E95106 /* ChatEmojiItem.m in Sources */,
				E24795CF21B121DB00E95106 /* ChatUI.m in Sources */,
				E24795D321B121DB00E95106 /* ChatSessionInputBarControl.m in Sources */,
				E247961C21B6561400E95106 /* Target_Chat.m in Sources */,
				E24795E421B121DB00E95106 /* UIColor+ChatUI.m in Sources */,
			);
			runOnlyForDeploymentPostprocessing = 0;
		};
		22FB66FA1F7F483B007A4888 /* Sources */ = {
			isa = PBXSourcesBuildPhase;
			buildActionMask = 2147483647;
			files = (
				22FB67031F7F483B007A4888 /* ChatTests.m in Sources */,
			);
			runOnlyForDeploymentPostprocessing = 0;
		};
		22FB67051F7F483B007A4888 /* Sources */ = {
			isa = PBXSourcesBuildPhase;
			buildActionMask = 2147483647;
			files = (
				22FB670E1F7F483B007A4888 /* ChatUITests.m in Sources */,
			);
			runOnlyForDeploymentPostprocessing = 0;
		};
/* End PBXSourcesBuildPhase section */

/* Begin PBXTargetDependency section */
		22FB67001F7F483B007A4888 /* PBXTargetDependency */ = {
			isa = PBXTargetDependency;
			target = 22FB66E41F7F483B007A4888 /* Chat */;
			targetProxy = 22FB66FF1F7F483B007A4888 /* PBXContainerItemProxy */;
		};
		22FB670B1F7F483B007A4888 /* PBXTargetDependency */ = {
			isa = PBXTargetDependency;
			target = 22FB66E41F7F483B007A4888 /* Chat */;
			targetProxy = 22FB670A1F7F483B007A4888 /* PBXContainerItemProxy */;
		};
/* End PBXTargetDependency section */

/* Begin PBXVariantGroup section */
		22FB66F11F7F483B007A4888 /* Main.storyboard */ = {
			isa = PBXVariantGroup;
			children = (
				22FB66F21F7F483B007A4888 /* Base */,
			);
			name = Main.storyboard;
			sourceTree = "<group>";
		};
		22FB66F61F7F483B007A4888 /* LaunchScreen.storyboard */ = {
			isa = PBXVariantGroup;
			children = (
				22FB66F71F7F483B007A4888 /* Base */,
			);
			name = LaunchScreen.storyboard;
			sourceTree = "<group>";
		};
/* End PBXVariantGroup section */

/* Begin XCBuildConfiguration section */
		22FB67101F7F483B007A4888 /* Debug */ = {
			isa = XCBuildConfiguration;
			buildSettings = {
				ALWAYS_SEARCH_USER_PATHS = NO;
				CLANG_ANALYZER_NONNULL = YES;
				CLANG_ANALYZER_NUMBER_OBJECT_CONVERSION = YES_AGGRESSIVE;
				CLANG_CXX_LANGUAGE_STANDARD = "gnu++0x";
				CLANG_CXX_LIBRARY = "libc++";
				CLANG_ENABLE_MODULES = YES;
				CLANG_ENABLE_OBJC_ARC = YES;
				CLANG_WARN_BLOCK_CAPTURE_AUTORELEASING = YES;
				CLANG_WARN_BOOL_CONVERSION = YES;
				CLANG_WARN_COMMA = YES;
				CLANG_WARN_CONSTANT_CONVERSION = YES;
				CLANG_WARN_DIRECT_OBJC_ISA_USAGE = YES_ERROR;
				CLANG_WARN_DOCUMENTATION_COMMENTS = YES;
				CLANG_WARN_EMPTY_BODY = YES;
				CLANG_WARN_ENUM_CONVERSION = YES;
				CLANG_WARN_INFINITE_RECURSION = YES;
				CLANG_WARN_INT_CONVERSION = YES;
				CLANG_WARN_NON_LITERAL_NULL_CONVERSION = YES;
				CLANG_WARN_OBJC_LITERAL_CONVERSION = YES;
				CLANG_WARN_OBJC_ROOT_CLASS = YES_ERROR;
				CLANG_WARN_RANGE_LOOP_ANALYSIS = YES;
				CLANG_WARN_STRICT_PROTOTYPES = YES;
				CLANG_WARN_SUSPICIOUS_MOVE = YES;
				CLANG_WARN_UNREACHABLE_CODE = YES;
				CLANG_WARN__DUPLICATE_METHOD_MATCH = YES;
				"CODE_SIGN_IDENTITY[sdk=iphoneos*]" = "iPhone Developer";
				COPY_PHASE_STRIP = NO;
				DEBUG_INFORMATION_FORMAT = dwarf;
				ENABLE_STRICT_OBJC_MSGSEND = YES;
				ENABLE_TESTABILITY = YES;
				GCC_C_LANGUAGE_STANDARD = gnu99;
				GCC_DYNAMIC_NO_PIC = NO;
				GCC_NO_COMMON_BLOCKS = YES;
				GCC_OPTIMIZATION_LEVEL = 0;
				GCC_PREPROCESSOR_DEFINITIONS = (
					"DEBUG=1",
					"$(inherited)",
				);
				GCC_WARN_64_TO_32_BIT_CONVERSION = YES;
				GCC_WARN_ABOUT_RETURN_TYPE = YES_ERROR;
				GCC_WARN_UNDECLARED_SELECTOR = YES;
				GCC_WARN_UNINITIALIZED_AUTOS = YES_AGGRESSIVE;
				GCC_WARN_UNUSED_FUNCTION = YES;
				GCC_WARN_UNUSED_VARIABLE = YES;
				IPHONEOS_DEPLOYMENT_TARGET = 11.0;
				MTL_ENABLE_DEBUG_INFO = YES;
				ONLY_ACTIVE_ARCH = YES;
				SDKROOT = iphoneos;
				TARGETED_DEVICE_FAMILY = "1,2";
			};
			name = Debug;
		};
		22FB67111F7F483B007A4888 /* Release */ = {
			isa = XCBuildConfiguration;
			buildSettings = {
				ALWAYS_SEARCH_USER_PATHS = NO;
				CLANG_ANALYZER_NONNULL = YES;
				CLANG_ANALYZER_NUMBER_OBJECT_CONVERSION = YES_AGGRESSIVE;
				CLANG_CXX_LANGUAGE_STANDARD = "gnu++0x";
				CLANG_CXX_LIBRARY = "libc++";
				CLANG_ENABLE_MODULES = YES;
				CLANG_ENABLE_OBJC_ARC = YES;
				CLANG_WARN_BLOCK_CAPTURE_AUTORELEASING = YES;
				CLANG_WARN_BOOL_CONVERSION = YES;
				CLANG_WARN_COMMA = YES;
				CLANG_WARN_CONSTANT_CONVERSION = YES;
				CLANG_WARN_DIRECT_OBJC_ISA_USAGE = YES_ERROR;
				CLANG_WARN_DOCUMENTATION_COMMENTS = YES;
				CLANG_WARN_EMPTY_BODY = YES;
				CLANG_WARN_ENUM_CONVERSION = YES;
				CLANG_WARN_INFINITE_RECURSION = YES;
				CLANG_WARN_INT_CONVERSION = YES;
				CLANG_WARN_NON_LITERAL_NULL_CONVERSION = YES;
				CLANG_WARN_OBJC_LITERAL_CONVERSION = YES;
				CLANG_WARN_OBJC_ROOT_CLASS = YES_ERROR;
				CLANG_WARN_RANGE_LOOP_ANALYSIS = YES;
				CLANG_WARN_STRICT_PROTOTYPES = YES;
				CLANG_WARN_SUSPICIOUS_MOVE = YES;
				CLANG_WARN_UNREACHABLE_CODE = YES;
				CLANG_WARN__DUPLICATE_METHOD_MATCH = YES;
				"CODE_SIGN_IDENTITY[sdk=iphoneos*]" = "iPhone Developer";
				COPY_PHASE_STRIP = NO;
				DEBUG_INFORMATION_FORMAT = "dwarf-with-dsym";
				ENABLE_NS_ASSERTIONS = NO;
				ENABLE_STRICT_OBJC_MSGSEND = YES;
				GCC_C_LANGUAGE_STANDARD = gnu99;
				GCC_NO_COMMON_BLOCKS = YES;
				GCC_WARN_64_TO_32_BIT_CONVERSION = YES;
				GCC_WARN_ABOUT_RETURN_TYPE = YES_ERROR;
				GCC_WARN_UNDECLARED_SELECTOR = YES;
				GCC_WARN_UNINITIALIZED_AUTOS = YES_AGGRESSIVE;
				GCC_WARN_UNUSED_FUNCTION = YES;
				GCC_WARN_UNUSED_VARIABLE = YES;
				IPHONEOS_DEPLOYMENT_TARGET = 11.0;
				MTL_ENABLE_DEBUG_INFO = NO;
				SDKROOT = iphoneos;
				TARGETED_DEVICE_FAMILY = "1,2";
				VALIDATE_PRODUCT = YES;
			};
			name = Release;
		};
		22FB67131F7F483B007A4888 /* Debug */ = {
			isa = XCBuildConfiguration;
			baseConfigurationReference = C6A6C671623AF85D655D0F53 /* Pods-Chat.debug.xcconfig */;
			buildSettings = {
				ASSETCATALOG_COMPILER_APPICON_NAME = AppIcon;
				CODE_SIGN_IDENTITY = "iPhone Developer";
				"CODE_SIGN_IDENTITY[sdk=iphoneos*]" = "iPhone Developer";
				CODE_SIGN_STYLE = Automatic;
				DEVELOPMENT_TEAM = 5YNX8VL4CA;
				INFOPLIST_FILE = Chat/Info.plist;
				IPHONEOS_DEPLOYMENT_TARGET = 9.0;
				LD_RUNPATH_SEARCH_PATHS = "$(inherited) @executable_path/Frameworks";
				PRODUCT_BUNDLE_IDENTIFIER = Lili.Chat;
				PRODUCT_NAME = "$(TARGET_NAME)";
				PROVISIONING_PROFILE_SPECIFIER = "";
				TARGETED_DEVICE_FAMILY = "1,2";
			};
			name = Debug;
		};
		22FB67141F7F483B007A4888 /* Release */ = {
			isa = XCBuildConfiguration;
			baseConfigurationReference = 5D102EC392ECE9685ABAA1F9 /* Pods-Chat.release.xcconfig */;
			buildSettings = {
				ASSETCATALOG_COMPILER_APPICON_NAME = AppIcon;
				CODE_SIGN_IDENTITY = "iPhone Developer";
				"CODE_SIGN_IDENTITY[sdk=iphoneos*]" = "iPhone Developer";
				CODE_SIGN_STYLE = Automatic;
				DEVELOPMENT_TEAM = 5YNX8VL4CA;
				INFOPLIST_FILE = Chat/Info.plist;
				IPHONEOS_DEPLOYMENT_TARGET = 9.0;
				LD_RUNPATH_SEARCH_PATHS = "$(inherited) @executable_path/Frameworks";
				PRODUCT_BUNDLE_IDENTIFIER = Lili.Chat;
				PRODUCT_NAME = "$(TARGET_NAME)";
				PROVISIONING_PROFILE_SPECIFIER = "";
				TARGETED_DEVICE_FAMILY = "1,2";
			};
			name = Release;
		};
		22FB67161F7F483B007A4888 /* Debug */ = {
			isa = XCBuildConfiguration;
			baseConfigurationReference = 567A92D781138F72A2B9A1AE /* Pods-ChatTests.debug.xcconfig */;
			buildSettings = {
				BUNDLE_LOADER = "$(TEST_HOST)";
				DEVELOPMENT_TEAM = 4J96E2Q5H6;
				INFOPLIST_FILE = ChatTests/Info.plist;
				LD_RUNPATH_SEARCH_PATHS = "$(inherited) @executable_path/Frameworks @loader_path/Frameworks";
				PRODUCT_BUNDLE_IDENTIFIER = Lili.ChatTests;
				PRODUCT_NAME = "$(TARGET_NAME)";
				TEST_HOST = "$(BUILT_PRODUCTS_DIR)/Chat.app/Chat";
			};
			name = Debug;
		};
		22FB67171F7F483B007A4888 /* Release */ = {
			isa = XCBuildConfiguration;
			baseConfigurationReference = 1325FC757DE2C6949A6C6BAD /* Pods-ChatTests.release.xcconfig */;
			buildSettings = {
				BUNDLE_LOADER = "$(TEST_HOST)";
				DEVELOPMENT_TEAM = 4J96E2Q5H6;
				INFOPLIST_FILE = ChatTests/Info.plist;
				LD_RUNPATH_SEARCH_PATHS = "$(inherited) @executable_path/Frameworks @loader_path/Frameworks";
				PRODUCT_BUNDLE_IDENTIFIER = Lili.ChatTests;
				PRODUCT_NAME = "$(TARGET_NAME)";
				TEST_HOST = "$(BUILT_PRODUCTS_DIR)/Chat.app/Chat";
			};
			name = Release;
		};
		22FB67191F7F483B007A4888 /* Debug */ = {
			isa = XCBuildConfiguration;
			baseConfigurationReference = 1580F30CDD59761F8D73D3A5 /* Pods-ChatUITests.debug.xcconfig */;
			buildSettings = {
				DEVELOPMENT_TEAM = 4J96E2Q5H6;
				INFOPLIST_FILE = ChatUITests/Info.plist;
				LD_RUNPATH_SEARCH_PATHS = "$(inherited) @executable_path/Frameworks @loader_path/Frameworks";
				PRODUCT_BUNDLE_IDENTIFIER = Lili.ChatUITests;
				PRODUCT_NAME = "$(TARGET_NAME)";
				TEST_TARGET_NAME = Chat;
			};
			name = Debug;
		};
		22FB671A1F7F483B007A4888 /* Release */ = {
			isa = XCBuildConfiguration;
			baseConfigurationReference = 7489F785E1BA24EFE6CD12EB /* Pods-ChatUITests.release.xcconfig */;
			buildSettings = {
				DEVELOPMENT_TEAM = 4J96E2Q5H6;
				INFOPLIST_FILE = ChatUITests/Info.plist;
				LD_RUNPATH_SEARCH_PATHS = "$(inherited) @executable_path/Frameworks @loader_path/Frameworks";
				PRODUCT_BUNDLE_IDENTIFIER = Lili.ChatUITests;
				PRODUCT_NAME = "$(TARGET_NAME)";
				TEST_TARGET_NAME = Chat;
			};
			name = Release;
		};
/* End XCBuildConfiguration section */

/* Begin XCConfigurationList section */
		22FB66E01F7F483B007A4888 /* Build configuration list for PBXProject "Chat" */ = {
			isa = XCConfigurationList;
			buildConfigurations = (
				22FB67101F7F483B007A4888 /* Debug */,
				22FB67111F7F483B007A4888 /* Release */,
			);
			defaultConfigurationIsVisible = 0;
			defaultConfigurationName = Release;
		};
		22FB67121F7F483B007A4888 /* Build configuration list for PBXNativeTarget "Chat" */ = {
			isa = XCConfigurationList;
			buildConfigurations = (
				22FB67131F7F483B007A4888 /* Debug */,
				22FB67141F7F483B007A4888 /* Release */,
			);
			defaultConfigurationIsVisible = 0;
			defaultConfigurationName = Release;
		};
		22FB67151F7F483B007A4888 /* Build configuration list for PBXNativeTarget "ChatTests" */ = {
			isa = XCConfigurationList;
			buildConfigurations = (
				22FB67161F7F483B007A4888 /* Debug */,
				22FB67171F7F483B007A4888 /* Release */,
			);
			defaultConfigurationIsVisible = 0;
			defaultConfigurationName = Release;
		};
		22FB67181F7F483B007A4888 /* Build configuration list for PBXNativeTarget "ChatUITests" */ = {
			isa = XCConfigurationList;
			buildConfigurations = (
				22FB67191F7F483B007A4888 /* Debug */,
				22FB671A1F7F483B007A4888 /* Release */,
			);
			defaultConfigurationIsVisible = 0;
			defaultConfigurationName = Release;
		};
/* End XCConfigurationList section */
	};
	rootObject = 22FB66DD1F7F483B007A4888 /* Project object */;
}
