// !$*UTF8*$!
{
	archiveVersion = 1;
	classes = {
	};
	objectVersion = 46;
	objects = {

/* Begin PBXBuildFile section */
		00E07DDEB6A33AEE49CC3075 /* libPods-ChatUITests.a in Frameworks */ = {isa = PBXBuildFile; fileRef = DBB869B1C2DCD7DDABE409A2 /* libPods-ChatUITests.a */; };
		222AF4031FA80EEE0042D39E /* MessageTextCell.m in Sources */ = {isa = PBXBuildFile; fileRef = 222AF4001FA80EEE0042D39E /* MessageTextCell.m */; };
		222AF4071FA80F160042D39E /* MessageImageCell.m in Sources */ = {isa = PBXBuildFile; fileRef = 222AF4061FA80F160042D39E /* MessageImageCell.m */; };
		222AF40A1FA80F710042D39E /* TextMessageContent.m in Sources */ = {isa = PBXBuildFile; fileRef = 222AF4091FA80F710042D39E /* TextMessageContent.m */; };
		22444F131FA3328A00800C55 /* ChatTableView.m in Sources */ = {isa = PBXBuildFile; fileRef = 22444F121FA3328A00800C55 /* ChatTableView.m */; };
		2277C23B1FA01F8D0060478F /* KeyboardViewController.m in Sources */ = {isa = PBXBuildFile; fileRef = 2277C23A1FA01F8D0060478F /* KeyboardViewController.m */; };
		2277C23F1FA01F8D0060478F /* EmojiKeyboard.appex in Embed App Extensions */ = {isa = PBXBuildFile; fileRef = 2277C2371FA01F8D0060478F /* EmojiKeyboard.appex */; settings = {ATTRIBUTES = (RemoveHeadersOnCopy, ); }; };
		2277C2461FA058600060478F /* ChatKeyboard.m in Sources */ = {isa = PBXBuildFile; fileRef = 2277C2451FA058600060478F /* ChatKeyboard.m */; };
		2277C2511FA05A440060478F /* ChatPluginBoardView.m in Sources */ = {isa = PBXBuildFile; fileRef = 2277C24A1FA05A440060478F /* ChatPluginBoardView.m */; };
		2277C2521FA05A440060478F /* ChatPluginItem.m in Sources */ = {isa = PBXBuildFile; fileRef = 2277C24B1FA05A440060478F /* ChatPluginItem.m */; };
		2277C2531FA05A440060478F /* ChatEmojiIItem.m in Sources */ = {isa = PBXBuildFile; fileRef = 2277C24E1FA05A440060478F /* ChatEmojiIItem.m */; };
		2277C2541FA05A440060478F /* ChatEmojiBoardView.m in Sources */ = {isa = PBXBuildFile; fileRef = 2277C24F1FA05A440060478F /* ChatEmojiBoardView.m */; };
		227ED72F1FA886F20025FF26 /* NSString+ChatUI.m in Sources */ = {isa = PBXBuildFile; fileRef = 227ED72E1FA886F20025FF26 /* NSString+ChatUI.m */; };
		227ED7321FA8BE340025FF26 /* UIColor+ChatUI.m in Sources */ = {isa = PBXBuildFile; fileRef = 227ED7311FA8BE340025FF26 /* UIColor+ChatUI.m */; };
		22B4DCB91FA1934F00EDE246 /* ChatViewController.m in Sources */ = {isa = PBXBuildFile; fileRef = 22B4DCB81FA1934F00EDE246 /* ChatViewController.m */; };
		22EBF05B1FA6B7E500E6AD14 /* EmojiItem.m in Sources */ = {isa = PBXBuildFile; fileRef = 22EBF0591FA6B7E500E6AD14 /* EmojiItem.m */; };
		22EBF05F1FA6B7EE00E6AD14 /* PluginItem.m in Sources */ = {isa = PBXBuildFile; fileRef = 22EBF05D1FA6B7EE00E6AD14 /* PluginItem.m */; };
		22EBF0A51FA6F07300E6AD14 /* MessageBaseCell.m in Sources */ = {isa = PBXBuildFile; fileRef = 22EBF0A21FA6F07200E6AD14 /* MessageBaseCell.m */; };
		22EBF0AB1FA6F53D00E6AD14 /* ChatUI.m in Sources */ = {isa = PBXBuildFile; fileRef = 22EBF0AA1FA6F53D00E6AD14 /* ChatUI.m */; };
		22FB66EA1F7F483B007A4888 /* main.m in Sources */ = {isa = PBXBuildFile; fileRef = 22FB66E91F7F483B007A4888 /* main.m */; };
		22FB66ED1F7F483B007A4888 /* AppDelegate.m in Sources */ = {isa = PBXBuildFile; fileRef = 22FB66EC1F7F483B007A4888 /* AppDelegate.m */; };
		22FB66F01F7F483B007A4888 /* ViewController.m in Sources */ = {isa = PBXBuildFile; fileRef = 22FB66EF1F7F483B007A4888 /* ViewController.m */; };
		22FB66F31F7F483B007A4888 /* Main.storyboard in Resources */ = {isa = PBXBuildFile; fileRef = 22FB66F11F7F483B007A4888 /* Main.storyboard */; };
		22FB66F51F7F483B007A4888 /* Assets.xcassets in Resources */ = {isa = PBXBuildFile; fileRef = 22FB66F41F7F483B007A4888 /* Assets.xcassets */; };
		22FB66F81F7F483B007A4888 /* LaunchScreen.storyboard in Resources */ = {isa = PBXBuildFile; fileRef = 22FB66F61F7F483B007A4888 /* LaunchScreen.storyboard */; };
		22FB67031F7F483B007A4888 /* ChatTests.m in Sources */ = {isa = PBXBuildFile; fileRef = 22FB67021F7F483B007A4888 /* ChatTests.m */; };
		22FB670E1F7F483B007A4888 /* ChatUITests.m in Sources */ = {isa = PBXBuildFile; fileRef = 22FB670D1F7F483B007A4888 /* ChatUITests.m */; };
		22FB67271F7F4E03007A4888 /* ConversationViewController.m in Sources */ = {isa = PBXBuildFile; fileRef = 22FB67241F7F4E03007A4888 /* ConversationViewController.m */; };
		22FB67301F7F688C007A4888 /* MessageContent.m in Sources */ = {isa = PBXBuildFile; fileRef = 22FB672F1F7F688C007A4888 /* MessageContent.m */; };
		22FB67331F7F6D64007A4888 /* Message.m in Sources */ = {isa = PBXBuildFile; fileRef = 22FB67321F7F6D64007A4888 /* Message.m */; };
		22FB67361F7F7156007A4888 /* UserInfo.m in Sources */ = {isa = PBXBuildFile; fileRef = 22FB67351F7F7156007A4888 /* UserInfo.m */; };
		22FB67431F7F7EA0007A4888 /* ChatSessionInputBarControl.m in Sources */ = {isa = PBXBuildFile; fileRef = 22FB67421F7F7EA0007A4888 /* ChatSessionInputBarControl.m */; };
		22FB674D1F7F8CA9007A4888 /* NSObject+JSON.m in Sources */ = {isa = PBXBuildFile; fileRef = 22FB674C1F7F8CA9007A4888 /* NSObject+JSON.m */; };
		22FB67501F7F8CD4007A4888 /* UIView+ChatFrame.m in Sources */ = {isa = PBXBuildFile; fileRef = 22FB674F1F7F8CD4007A4888 /* UIView+ChatFrame.m */; };
		CD1B3FCE08DEF62DB8CACA73 /* libPods-ChatTests.a in Frameworks */ = {isa = PBXBuildFile; fileRef = DADAF1C7B00796E63B614063 /* libPods-ChatTests.a */; };
		DD991EE913B6108FD39BD9BB /* libPods-Chat.a in Frameworks */ = {isa = PBXBuildFile; fileRef = C4B656ED99C09C31129393DC /* libPods-Chat.a */; };
/* End PBXBuildFile section */

/* Begin PBXContainerItemProxy section */
		2277C23D1FA01F8D0060478F /* PBXContainerItemProxy */ = {
			isa = PBXContainerItemProxy;
			containerPortal = 22FB66DD1F7F483B007A4888 /* Project object */;
			proxyType = 1;
			remoteGlobalIDString = 2277C2361FA01F8D0060478F;
			remoteInfo = EmojiKeyboard;
		};
		22FB66FF1F7F483B007A4888 /* PBXContainerItemProxy */ = {
			isa = PBXContainerItemProxy;
			containerPortal = 22FB66DD1F7F483B007A4888 /* Project object */;
			proxyType = 1;
			remoteGlobalIDString = 22FB66E41F7F483B007A4888;
			remoteInfo = Chat;
		};
		22FB670A1F7F483B007A4888 /* PBXContainerItemProxy */ = {
			isa = PBXContainerItemProxy;
			containerPortal = 22FB66DD1F7F483B007A4888 /* Project object */;
			proxyType = 1;
			remoteGlobalIDString = 22FB66E41F7F483B007A4888;
			remoteInfo = Chat;
		};
/* End PBXContainerItemProxy section */

/* Begin PBXCopyFilesBuildPhase section */
		2277C2431FA01F8D0060478F /* Embed App Extensions */ = {
			isa = PBXCopyFilesBuildPhase;
			buildActionMask = 2147483647;
			dstPath = "";
			dstSubfolderSpec = 13;
			files = (
				2277C23F1FA01F8D0060478F /* EmojiKeyboard.appex in Embed App Extensions */,
			);
			name = "Embed App Extensions";
			runOnlyForDeploymentPostprocessing = 0;
		};
/* End PBXCopyFilesBuildPhase section */

/* Begin PBXFileReference section */
		1325FC757DE2C6949A6C6BAD /* Pods-ChatTests.release.xcconfig */ = {isa = PBXFileReference; includeInIndex = 1; lastKnownFileType = text.xcconfig; name = "Pods-ChatTests.release.xcconfig"; path = "Pods/Target Support Files/Pods-ChatTests/Pods-ChatTests.release.xcconfig"; sourceTree = "<group>"; };
		1580F30CDD59761F8D73D3A5 /* Pods-ChatUITests.debug.xcconfig */ = {isa = PBXFileReference; includeInIndex = 1; lastKnownFileType = text.xcconfig; name = "Pods-ChatUITests.debug.xcconfig"; path = "Pods/Target Support Files/Pods-ChatUITests/Pods-ChatUITests.debug.xcconfig"; sourceTree = "<group>"; };
		222AF4001FA80EEE0042D39E /* MessageTextCell.m */ = {isa = PBXFileReference; fileEncoding = 4; lastKnownFileType = sourcecode.c.objc; path = MessageTextCell.m; sourceTree = "<group>"; };
		222AF4021FA80EEE0042D39E /* MessageTextCell.h */ = {isa = PBXFileReference; fileEncoding = 4; lastKnownFileType = sourcecode.c.h; path = MessageTextCell.h; sourceTree = "<group>"; };
		222AF4051FA80F160042D39E /* MessageImageCell.h */ = {isa = PBXFileReference; lastKnownFileType = sourcecode.c.h; path = MessageImageCell.h; sourceTree = "<group>"; };
		222AF4061FA80F160042D39E /* MessageImageCell.m */ = {isa = PBXFileReference; lastKnownFileType = sourcecode.c.objc; path = MessageImageCell.m; sourceTree = "<group>"; };
		222AF4081FA80F710042D39E /* TextMessageContent.h */ = {isa = PBXFileReference; lastKnownFileType = sourcecode.c.h; path = TextMessageContent.h; sourceTree = "<group>"; };
		222AF4091FA80F710042D39E /* TextMessageContent.m */ = {isa = PBXFileReference; lastKnownFileType = sourcecode.c.objc; path = TextMessageContent.m; sourceTree = "<group>"; };
		22444F111FA3328A00800C55 /* ChatTableView.h */ = {isa = PBXFileReference; lastKnownFileType = sourcecode.c.h; path = ChatTableView.h; sourceTree = "<group>"; };
		22444F121FA3328A00800C55 /* ChatTableView.m */ = {isa = PBXFileReference; lastKnownFileType = sourcecode.c.objc; path = ChatTableView.m; sourceTree = "<group>"; };
		2277C2371FA01F8D0060478F /* EmojiKeyboard.appex */ = {isa = PBXFileReference; explicitFileType = "wrapper.app-extension"; includeInIndex = 0; path = EmojiKeyboard.appex; sourceTree = BUILT_PRODUCTS_DIR; };
		2277C2391FA01F8D0060478F /* KeyboardViewController.h */ = {isa = PBXFileReference; lastKnownFileType = sourcecode.c.h; path = KeyboardViewController.h; sourceTree = "<group>"; };
		2277C23A1FA01F8D0060478F /* KeyboardViewController.m */ = {isa = PBXFileReference; lastKnownFileType = sourcecode.c.objc; path = KeyboardViewController.m; sourceTree = "<group>"; };
		2277C23C1FA01F8D0060478F /* Info.plist */ = {isa = PBXFileReference; lastKnownFileType = text.plist.xml; path = Info.plist; sourceTree = "<group>"; };
		2277C2441FA058600060478F /* ChatKeyboard.h */ = {isa = PBXFileReference; lastKnownFileType = sourcecode.c.h; path = ChatKeyboard.h; sourceTree = "<group>"; };
		2277C2451FA058600060478F /* ChatKeyboard.m */ = {isa = PBXFileReference; lastKnownFileType = sourcecode.c.objc; path = ChatKeyboard.m; sourceTree = "<group>"; };
		2277C2481FA05A440060478F /* ChatPluginBoardView.h */ = {isa = PBXFileReference; fileEncoding = 4; lastKnownFileType = sourcecode.c.h; path = ChatPluginBoardView.h; sourceTree = "<group>"; };
		2277C2491FA05A440060478F /* ChatPluginItem.h */ = {isa = PBXFileReference; fileEncoding = 4; lastKnownFileType = sourcecode.c.h; path = ChatPluginItem.h; sourceTree = "<group>"; };
		2277C24A1FA05A440060478F /* ChatPluginBoardView.m */ = {isa = PBXFileReference; fileEncoding = 4; lastKnownFileType = sourcecode.c.objc; path = ChatPluginBoardView.m; sourceTree = "<group>"; };
		2277C24B1FA05A440060478F /* ChatPluginItem.m */ = {isa = PBXFileReference; fileEncoding = 4; lastKnownFileType = sourcecode.c.objc; path = ChatPluginItem.m; sourceTree = "<group>"; };
		2277C24D1FA05A440060478F /* ChatEmojiBoardView.h */ = {isa = PBXFileReference; fileEncoding = 4; lastKnownFileType = sourcecode.c.h; path = ChatEmojiBoardView.h; sourceTree = "<group>"; };
		2277C24E1FA05A440060478F /* ChatEmojiIItem.m */ = {isa = PBXFileReference; fileEncoding = 4; lastKnownFileType = sourcecode.c.objc; path = ChatEmojiIItem.m; sourceTree = "<group>"; };
		2277C24F1FA05A440060478F /* ChatEmojiBoardView.m */ = {isa = PBXFileReference; fileEncoding = 4; lastKnownFileType = sourcecode.c.objc; path = ChatEmojiBoardView.m; sourceTree = "<group>"; };
		2277C2501FA05A440060478F /* ChatEmojiIItem.h */ = {isa = PBXFileReference; fileEncoding = 4; lastKnownFileType = sourcecode.c.h; path = ChatEmojiIItem.h; sourceTree = "<group>"; };
		227ED72D1FA886F20025FF26 /* NSString+ChatUI.h */ = {isa = PBXFileReference; lastKnownFileType = sourcecode.c.h; path = "NSString+ChatUI.h"; sourceTree = "<group>"; };
		227ED72E1FA886F20025FF26 /* NSString+ChatUI.m */ = {isa = PBXFileReference; lastKnownFileType = sourcecode.c.objc; path = "NSString+ChatUI.m"; sourceTree = "<group>"; };
		227ED7301FA8BE340025FF26 /* UIColor+ChatUI.h */ = {isa = PBXFileReference; lastKnownFileType = sourcecode.c.h; path = "UIColor+ChatUI.h"; sourceTree = "<group>"; };
		227ED7311FA8BE340025FF26 /* UIColor+ChatUI.m */ = {isa = PBXFileReference; lastKnownFileType = sourcecode.c.objc; path = "UIColor+ChatUI.m"; sourceTree = "<group>"; };
		22B4DCB71FA1934F00EDE246 /* ChatViewController.h */ = {isa = PBXFileReference; lastKnownFileType = sourcecode.c.h; path = ChatViewController.h; sourceTree = "<group>"; };
		22B4DCB81FA1934F00EDE246 /* ChatViewController.m */ = {isa = PBXFileReference; lastKnownFileType = sourcecode.c.objc; path = ChatViewController.m; sourceTree = "<group>"; };
		22EBF0591FA6B7E500E6AD14 /* EmojiItem.m */ = {isa = PBXFileReference; fileEncoding = 4; lastKnownFileType = sourcecode.c.objc; path = EmojiItem.m; sourceTree = "<group>"; };
		22EBF05A1FA6B7E500E6AD14 /* EmojiItem.h */ = {isa = PBXFileReference; fileEncoding = 4; lastKnownFileType = sourcecode.c.h; path = EmojiItem.h; sourceTree = "<group>"; };
		22EBF05D1FA6B7EE00E6AD14 /* PluginItem.m */ = {isa = PBXFileReference; fileEncoding = 4; lastKnownFileType = sourcecode.c.objc; path = PluginItem.m; sourceTree = "<group>"; };
		22EBF05E1FA6B7EE00E6AD14 /* PluginItem.h */ = {isa = PBXFileReference; fileEncoding = 4; lastKnownFileType = sourcecode.c.h; path = PluginItem.h; sourceTree = "<group>"; };
		22EBF0A11FA6F07200E6AD14 /* MessageBaseCell.h */ = {isa = PBXFileReference; fileEncoding = 4; lastKnownFileType = sourcecode.c.h; path = MessageBaseCell.h; sourceTree = "<group>"; };
		22EBF0A21FA6F07200E6AD14 /* MessageBaseCell.m */ = {isa = PBXFileReference; fileEncoding = 4; lastKnownFileType = sourcecode.c.objc; path = MessageBaseCell.m; sourceTree = "<group>"; };
		22EBF0A91FA6F53D00E6AD14 /* ChatUI.h */ = {isa = PBXFileReference; lastKnownFileType = sourcecode.c.h; path = ChatUI.h; sourceTree = "<group>"; };
		22EBF0AA1FA6F53D00E6AD14 /* ChatUI.m */ = {isa = PBXFileReference; lastKnownFileType = sourcecode.c.objc; path = ChatUI.m; sourceTree = "<group>"; };
		22FB66E51F7F483B007A4888 /* Chat.app */ = {isa = PBXFileReference; explicitFileType = wrapper.application; includeInIndex = 0; path = Chat.app; sourceTree = BUILT_PRODUCTS_DIR; };
		22FB66E91F7F483B007A4888 /* main.m */ = {isa = PBXFileReference; lastKnownFileType = sourcecode.c.objc; path = main.m; sourceTree = "<group>"; };
		22FB66EB1F7F483B007A4888 /* AppDelegate.h */ = {isa = PBXFileReference; lastKnownFileType = sourcecode.c.h; path = AppDelegate.h; sourceTree = "<group>"; };
		22FB66EC1F7F483B007A4888 /* AppDelegate.m */ = {isa = PBXFileReference; lastKnownFileType = sourcecode.c.objc; path = AppDelegate.m; sourceTree = "<group>"; };
		22FB66EE1F7F483B007A4888 /* ViewController.h */ = {isa = PBXFileReference; lastKnownFileType = sourcecode.c.h; path = ViewController.h; sourceTree = "<group>"; };
		22FB66EF1F7F483B007A4888 /* ViewController.m */ = {isa = PBXFileReference; lastKnownFileType = sourcecode.c.objc; path = ViewController.m; sourceTree = "<group>"; };
		22FB66F21F7F483B007A4888 /* Base */ = {isa = PBXFileReference; lastKnownFileType = file.storyboard; name = Base; path = Base.lproj/Main.storyboard; sourceTree = "<group>"; };
		22FB66F41F7F483B007A4888 /* Assets.xcassets */ = {isa = PBXFileReference; lastKnownFileType = folder.assetcatalog; path = Assets.xcassets; sourceTree = "<group>"; };
		22FB66F71F7F483B007A4888 /* Base */ = {isa = PBXFileReference; lastKnownFileType = file.storyboard; name = Base; path = Base.lproj/LaunchScreen.storyboard; sourceTree = "<group>"; };
		22FB66F91F7F483B007A4888 /* Info.plist */ = {isa = PBXFileReference; lastKnownFileType = text.plist.xml; path = Info.plist; sourceTree = "<group>"; };
		22FB66FE1F7F483B007A4888 /* ChatTests.xctest */ = {isa = PBXFileReference; explicitFileType = wrapper.cfbundle; includeInIndex = 0; path = ChatTests.xctest; sourceTree = BUILT_PRODUCTS_DIR; };
		22FB67021F7F483B007A4888 /* ChatTests.m */ = {isa = PBXFileReference; lastKnownFileType = sourcecode.c.objc; path = ChatTests.m; sourceTree = "<group>"; };
		22FB67041F7F483B007A4888 /* Info.plist */ = {isa = PBXFileReference; lastKnownFileType = text.plist.xml; path = Info.plist; sourceTree = "<group>"; };
		22FB67091F7F483B007A4888 /* ChatUITests.xctest */ = {isa = PBXFileReference; explicitFileType = wrapper.cfbundle; includeInIndex = 0; path = ChatUITests.xctest; sourceTree = BUILT_PRODUCTS_DIR; };
		22FB670D1F7F483B007A4888 /* ChatUITests.m */ = {isa = PBXFileReference; lastKnownFileType = sourcecode.c.objc; path = ChatUITests.m; sourceTree = "<group>"; };
		22FB670F1F7F483B007A4888 /* Info.plist */ = {isa = PBXFileReference; lastKnownFileType = text.plist.xml; path = Info.plist; sourceTree = "<group>"; };
		22FB67231F7F4E03007A4888 /* ConversationViewController.h */ = {isa = PBXFileReference; fileEncoding = 4; lastKnownFileType = sourcecode.c.h; path = ConversationViewController.h; sourceTree = "<group>"; };
		22FB67241F7F4E03007A4888 /* ConversationViewController.m */ = {isa = PBXFileReference; fileEncoding = 4; lastKnownFileType = sourcecode.c.objc; path = ConversationViewController.m; sourceTree = "<group>"; };
		22FB672E1F7F688C007A4888 /* MessageContent.h */ = {isa = PBXFileReference; fileEncoding = 4; lastKnownFileType = sourcecode.c.h; path = MessageContent.h; sourceTree = "<group>"; };
		22FB672F1F7F688C007A4888 /* MessageContent.m */ = {isa = PBXFileReference; fileEncoding = 4; lastKnownFileType = sourcecode.c.objc; path = MessageContent.m; sourceTree = "<group>"; };
		22FB67311F7F6D64007A4888 /* Message.h */ = {isa = PBXFileReference; fileEncoding = 4; lastKnownFileType = sourcecode.c.h; path = Message.h; sourceTree = "<group>"; };
		22FB67321F7F6D64007A4888 /* Message.m */ = {isa = PBXFileReference; fileEncoding = 4; lastKnownFileType = sourcecode.c.objc; path = Message.m; sourceTree = "<group>"; };
		22FB67341F7F7156007A4888 /* UserInfo.h */ = {isa = PBXFileReference; fileEncoding = 4; lastKnownFileType = sourcecode.c.h; path = UserInfo.h; sourceTree = "<group>"; };
		22FB67351F7F7156007A4888 /* UserInfo.m */ = {isa = PBXFileReference; fileEncoding = 4; lastKnownFileType = sourcecode.c.objc; path = UserInfo.m; sourceTree = "<group>"; };
		22FB67371F7F7375007A4888 /* MessageCommon.h */ = {isa = PBXFileReference; lastKnownFileType = sourcecode.c.h; path = MessageCommon.h; sourceTree = "<group>"; };
		22FB67411F7F7EA0007A4888 /* ChatSessionInputBarControl.h */ = {isa = PBXFileReference; fileEncoding = 4; lastKnownFileType = sourcecode.c.h; path = ChatSessionInputBarControl.h; sourceTree = "<group>"; };
		22FB67421F7F7EA0007A4888 /* ChatSessionInputBarControl.m */ = {isa = PBXFileReference; fileEncoding = 4; lastKnownFileType = sourcecode.c.objc; path = ChatSessionInputBarControl.m; sourceTree = "<group>"; };
		22FB674B1F7F8CA9007A4888 /* NSObject+JSON.h */ = {isa = PBXFileReference; fileEncoding = 4; lastKnownFileType = sourcecode.c.h; path = "NSObject+JSON.h"; sourceTree = "<group>"; };
		22FB674C1F7F8CA9007A4888 /* NSObject+JSON.m */ = {isa = PBXFileReference; fileEncoding = 4; lastKnownFileType = sourcecode.c.objc; path = "NSObject+JSON.m"; sourceTree = "<group>"; };
		22FB674E1F7F8CD4007A4888 /* UIView+ChatFrame.h */ = {isa = PBXFileReference; fileEncoding = 4; lastKnownFileType = sourcecode.c.h; path = "UIView+ChatFrame.h"; sourceTree = "<group>"; };
		22FB674F1F7F8CD4007A4888 /* UIView+ChatFrame.m */ = {isa = PBXFileReference; fileEncoding = 4; lastKnownFileType = sourcecode.c.objc; path = "UIView+ChatFrame.m"; sourceTree = "<group>"; };
		567A92D781138F72A2B9A1AE /* Pods-ChatTests.debug.xcconfig */ = {isa = PBXFileReference; includeInIndex = 1; lastKnownFileType = text.xcconfig; name = "Pods-ChatTests.debug.xcconfig"; path = "Pods/Target Support Files/Pods-ChatTests/Pods-ChatTests.debug.xcconfig"; sourceTree = "<group>"; };
		5D102EC392ECE9685ABAA1F9 /* Pods-Chat.release.xcconfig */ = {isa = PBXFileReference; includeInIndex = 1; lastKnownFileType = text.xcconfig; name = "Pods-Chat.release.xcconfig"; path = "Pods/Target Support Files/Pods-Chat/Pods-Chat.release.xcconfig"; sourceTree = "<group>"; };
		7489F785E1BA24EFE6CD12EB /* Pods-ChatUITests.release.xcconfig */ = {isa = PBXFileReference; includeInIndex = 1; lastKnownFileType = text.xcconfig; name = "Pods-ChatUITests.release.xcconfig"; path = "Pods/Target Support Files/Pods-ChatUITests/Pods-ChatUITests.release.xcconfig"; sourceTree = "<group>"; };
		C4B656ED99C09C31129393DC /* libPods-Chat.a */ = {isa = PBXFileReference; explicitFileType = archive.ar; includeInIndex = 0; path = "libPods-Chat.a"; sourceTree = BUILT_PRODUCTS_DIR; };
		C6A6C671623AF85D655D0F53 /* Pods-Chat.debug.xcconfig */ = {isa = PBXFileReference; includeInIndex = 1; lastKnownFileType = text.xcconfig; name = "Pods-Chat.debug.xcconfig"; path = "Pods/Target Support Files/Pods-Chat/Pods-Chat.debug.xcconfig"; sourceTree = "<group>"; };
		DADAF1C7B00796E63B614063 /* libPods-ChatTests.a */ = {isa = PBXFileReference; explicitFileType = archive.ar; includeInIndex = 0; path = "libPods-ChatTests.a"; sourceTree = BUILT_PRODUCTS_DIR; };
		DBB869B1C2DCD7DDABE409A2 /* libPods-ChatUITests.a */ = {isa = PBXFileReference; explicitFileType = archive.ar; includeInIndex = 0; path = "libPods-ChatUITests.a"; sourceTree = BUILT_PRODUCTS_DIR; };
/* End PBXFileReference section */

/* Begin PBXFrameworksBuildPhase section */
		2277C2341FA01F8D0060478F /* Frameworks */ = {
			isa = PBXFrameworksBuildPhase;
			buildActionMask = 2147483647;
			files = (
			);
			runOnlyForDeploymentPostprocessing = 0;
		};
		22FB66E21F7F483B007A4888 /* Frameworks */ = {
			isa = PBXFrameworksBuildPhase;
			buildActionMask = 2147483647;
			files = (
				DD991EE913B6108FD39BD9BB /* libPods-Chat.a in Frameworks */,
			);
			runOnlyForDeploymentPostprocessing = 0;
		};
		22FB66FB1F7F483B007A4888 /* Frameworks */ = {
			isa = PBXFrameworksBuildPhase;
			buildActionMask = 2147483647;
			files = (
				CD1B3FCE08DEF62DB8CACA73 /* libPods-ChatTests.a in Frameworks */,
			);
			runOnlyForDeploymentPostprocessing = 0;
		};
		22FB67061F7F483B007A4888 /* Frameworks */ = {
			isa = PBXFrameworksBuildPhase;
			buildActionMask = 2147483647;
			files = (
				00E07DDEB6A33AEE49CC3075 /* libPods-ChatUITests.a in Frameworks */,
			);
			runOnlyForDeploymentPostprocessing = 0;
		};
/* End PBXFrameworksBuildPhase section */

/* Begin PBXGroup section */
		0CE5E1A83BE80603A7C94A78 /* Pods */ = {
			isa = PBXGroup;
			children = (
				C6A6C671623AF85D655D0F53 /* Pods-Chat.debug.xcconfig */,
				5D102EC392ECE9685ABAA1F9 /* Pods-Chat.release.xcconfig */,
				567A92D781138F72A2B9A1AE /* Pods-ChatTests.debug.xcconfig */,
				1325FC757DE2C6949A6C6BAD /* Pods-ChatTests.release.xcconfig */,
				1580F30CDD59761F8D73D3A5 /* Pods-ChatUITests.debug.xcconfig */,
				7489F785E1BA24EFE6CD12EB /* Pods-ChatUITests.release.xcconfig */,
			);
			name = Pods;
			sourceTree = "<group>";
		};
		222AF4011FA80EEE0042D39E /* model */ = {
			isa = PBXGroup;
			children = (
				222AF4081FA80F710042D39E /* TextMessageContent.h */,
				222AF4091FA80F710042D39E /* TextMessageContent.m */,
			);
			path = model;
			sourceTree = "<group>";
		};
		222AF4041FA80EFB0042D39E /* model */ = {
			isa = PBXGroup;
			children = (
			);
			path = model;
			sourceTree = "<group>";
		};
		22444F101FA3327300800C55 /* ChatTableView */ = {
			isa = PBXGroup;
			children = (
				22444F111FA3328A00800C55 /* ChatTableView.h */,
				22444F121FA3328A00800C55 /* ChatTableView.m */,
			);
			path = ChatTableView;
			sourceTree = "<group>";
		};
		2277C2381FA01F8D0060478F /* EmojiKeyboard */ = {
			isa = PBXGroup;
			children = (
				2277C2391FA01F8D0060478F /* KeyboardViewController.h */,
				2277C23A1FA01F8D0060478F /* KeyboardViewController.m */,
				2277C23C1FA01F8D0060478F /* Info.plist */,
			);
			path = EmojiKeyboard;
			sourceTree = "<group>";
		};
		2277C2471FA05A440060478F /* ChatPluginBoardView */ = {
			isa = PBXGroup;
			children = (
				22EBF05C1FA6B7EE00E6AD14 /* model */,
				2277C2481FA05A440060478F /* ChatPluginBoardView.h */,
				2277C24A1FA05A440060478F /* ChatPluginBoardView.m */,
				2277C2491FA05A440060478F /* ChatPluginItem.h */,
				2277C24B1FA05A440060478F /* ChatPluginItem.m */,
			);
			path = ChatPluginBoardView;
			sourceTree = "<group>";
		};
		2277C24C1FA05A440060478F /* ChatEmojiBoardView */ = {
			isa = PBXGroup;
			children = (
				22EBF0581FA6B7E500E6AD14 /* model */,
				2277C24D1FA05A440060478F /* ChatEmojiBoardView.h */,
				2277C24F1FA05A440060478F /* ChatEmojiBoardView.m */,
				2277C2501FA05A440060478F /* ChatEmojiIItem.h */,
				2277C24E1FA05A440060478F /* ChatEmojiIItem.m */,
			);
			path = ChatEmojiBoardView;
			sourceTree = "<group>";
		};
		22EBF0581FA6B7E500E6AD14 /* model */ = {
			isa = PBXGroup;
			children = (
				22EBF0591FA6B7E500E6AD14 /* EmojiItem.m */,
				22EBF05A1FA6B7E500E6AD14 /* EmojiItem.h */,
			);
			path = model;
			sourceTree = "<group>";
		};
		22EBF05C1FA6B7EE00E6AD14 /* model */ = {
			isa = PBXGroup;
			children = (
				22EBF05D1FA6B7EE00E6AD14 /* PluginItem.m */,
				22EBF05E1FA6B7EE00E6AD14 /* PluginItem.h */,
			);
			path = model;
			sourceTree = "<group>";
		};
		22EBF0A01FA6F07200E6AD14 /* core */ = {
			isa = PBXGroup;
			children = (
				22EBF0A11FA6F07200E6AD14 /* MessageBaseCell.h */,
				22EBF0A21FA6F07200E6AD14 /* MessageBaseCell.m */,
			);
			path = core;
			sourceTree = "<group>";
		};
		22EBF0A31FA6F07200E6AD14 /* MessageImageCell */ = {
			isa = PBXGroup;
			children = (
				222AF4041FA80EFB0042D39E /* model */,
				222AF4051FA80F160042D39E /* MessageImageCell.h */,
				222AF4061FA80F160042D39E /* MessageImageCell.m */,
			);
			path = MessageImageCell;
			sourceTree = "<group>";
		};
		22EBF0A41FA6F07200E6AD14 /* MessageTextCell */ = {
			isa = PBXGroup;
			children = (
				222AF4011FA80EEE0042D39E /* model */,
				222AF4021FA80EEE0042D39E /* MessageTextCell.h */,
				222AF4001FA80EEE0042D39E /* MessageTextCell.m */,
			);
			path = MessageTextCell;
			sourceTree = "<group>";
		};
		22FB66DC1F7F483B007A4888 = {
			isa = PBXGroup;
			children = (
				22FB66E71F7F483B007A4888 /* Chat */,
				22FB67011F7F483B007A4888 /* ChatTests */,
				22FB670C1F7F483B007A4888 /* ChatUITests */,
				2277C2381FA01F8D0060478F /* EmojiKeyboard */,
				22FB66E61F7F483B007A4888 /* Products */,
				0CE5E1A83BE80603A7C94A78 /* Pods */,
				AC12FA17F7B05CAB8CEA7C82 /* Frameworks */,
			);
			sourceTree = "<group>";
		};
		22FB66E61F7F483B007A4888 /* Products */ = {
			isa = PBXGroup;
			children = (
				22FB66E51F7F483B007A4888 /* Chat.app */,
				22FB66FE1F7F483B007A4888 /* ChatTests.xctest */,
				22FB67091F7F483B007A4888 /* ChatUITests.xctest */,
				2277C2371FA01F8D0060478F /* EmojiKeyboard.appex */,
			);
			name = Products;
			sourceTree = "<group>";
		};
		22FB66E71F7F483B007A4888 /* Chat */ = {
			isa = PBXGroup;
			children = (
				22FB671B1F7F4B66007A4888 /* ChatUI */,
				22FB66EB1F7F483B007A4888 /* AppDelegate.h */,
				22FB66EC1F7F483B007A4888 /* AppDelegate.m */,
				22FB66EE1F7F483B007A4888 /* ViewController.h */,
				22FB66EF1F7F483B007A4888 /* ViewController.m */,
				22B4DCB71FA1934F00EDE246 /* ChatViewController.h */,
				22B4DCB81FA1934F00EDE246 /* ChatViewController.m */,
				22FB66F11F7F483B007A4888 /* Main.storyboard */,
				22FB66F41F7F483B007A4888 /* Assets.xcassets */,
				22FB66F61F7F483B007A4888 /* LaunchScreen.storyboard */,
				22FB66F91F7F483B007A4888 /* Info.plist */,
				22FB66E81F7F483B007A4888 /* Supporting Files */,
			);
			path = Chat;
			sourceTree = "<group>";
		};
		22FB66E81F7F483B007A4888 /* Supporting Files */ = {
			isa = PBXGroup;
			children = (
				22FB66E91F7F483B007A4888 /* main.m */,
			);
			name = "Supporting Files";
			sourceTree = "<group>";
		};
		22FB67011F7F483B007A4888 /* ChatTests */ = {
			isa = PBXGroup;
			children = (
				22FB67021F7F483B007A4888 /* ChatTests.m */,
				22FB67041F7F483B007A4888 /* Info.plist */,
			);
			path = ChatTests;
			sourceTree = "<group>";
		};
		22FB670C1F7F483B007A4888 /* ChatUITests */ = {
			isa = PBXGroup;
			children = (
				22FB670D1F7F483B007A4888 /* ChatUITests.m */,
				22FB670F1F7F483B007A4888 /* Info.plist */,
			);
			path = ChatUITests;
			sourceTree = "<group>";
		};
		22FB671B1F7F4B66007A4888 /* ChatUI */ = {
			isa = PBXGroup;
			children = (
				22FB674A1F7F8C7B007A4888 /* Category */,
				22FB67221F7F4E03007A4888 /* Controller */,
				22FB67251F7F4E03007A4888 /* Model */,
				22FB67261F7F4E03007A4888 /* View */,
			);
			path = ChatUI;
			sourceTree = "<group>";
		};
		22FB67221F7F4E03007A4888 /* Controller */ = {
			isa = PBXGroup;
			children = (
				22FB67231F7F4E03007A4888 /* ConversationViewController.h */,
				22FB67241F7F4E03007A4888 /* ConversationViewController.m */,
			);
			path = Controller;
			sourceTree = "<group>";
		};
		22FB67251F7F4E03007A4888 /* Model */ = {
			isa = PBXGroup;
			children = (
				22FB67371F7F7375007A4888 /* MessageCommon.h */,
				22EBF0A91FA6F53D00E6AD14 /* ChatUI.h */,
				22EBF0AA1FA6F53D00E6AD14 /* ChatUI.m */,
				22FB67311F7F6D64007A4888 /* Message.h */,
				22FB67321F7F6D64007A4888 /* Message.m */,
				22FB672E1F7F688C007A4888 /* MessageContent.h */,
				22FB672F1F7F688C007A4888 /* MessageContent.m */,
				22FB67341F7F7156007A4888 /* UserInfo.h */,
				22FB67351F7F7156007A4888 /* UserInfo.m */,
			);
			path = Model;
			sourceTree = "<group>";
		};
		22FB67261F7F4E03007A4888 /* View */ = {
			isa = PBXGroup;
			children = (
				22444F101FA3327300800C55 /* ChatTableView */,
				22FB67511F7FC481007A4888 /* ChatKeyboard */,
				22FB67381F7F7B4B007A4888 /* ChatInputView */,
				22FB673A1F7F7B4B007A4888 /* MessageCell */,
			);
			path = View;
			sourceTree = "<group>";
		};
		22FB67381F7F7B4B007A4888 /* ChatInputView */ = {
			isa = PBXGroup;
			children = (
				22FB67411F7F7EA0007A4888 /* ChatSessionInputBarControl.h */,
				22FB67421F7F7EA0007A4888 /* ChatSessionInputBarControl.m */,
			);
			path = ChatInputView;
			sourceTree = "<group>";
		};
		22FB673A1F7F7B4B007A4888 /* MessageCell */ = {
			isa = PBXGroup;
			children = (
				22EBF0A01FA6F07200E6AD14 /* core */,
				22EBF0A31FA6F07200E6AD14 /* MessageImageCell */,
				22EBF0A41FA6F07200E6AD14 /* MessageTextCell */,
			);
			path = MessageCell;
			sourceTree = "<group>";
		};
		22FB674A1F7F8C7B007A4888 /* Category */ = {
			isa = PBXGroup;
			children = (
				22FB674B1F7F8CA9007A4888 /* NSObject+JSON.h */,
				22FB674C1F7F8CA9007A4888 /* NSObject+JSON.m */,
				22FB674E1F7F8CD4007A4888 /* UIView+ChatFrame.h */,
				22FB674F1F7F8CD4007A4888 /* UIView+ChatFrame.m */,
				227ED72D1FA886F20025FF26 /* NSString+ChatUI.h */,
				227ED72E1FA886F20025FF26 /* NSString+ChatUI.m */,
				227ED7301FA8BE340025FF26 /* UIColor+ChatUI.h */,
				227ED7311FA8BE340025FF26 /* UIColor+ChatUI.m */,
			);
			path = Category;
			sourceTree = "<group>";
		};
		22FB67511F7FC481007A4888 /* ChatKeyboard */ = {
			isa = PBXGroup;
			children = (
				2277C2441FA058600060478F /* ChatKeyboard.h */,
				2277C2451FA058600060478F /* ChatKeyboard.m */,
				2277C24C1FA05A440060478F /* ChatEmojiBoardView */,
				2277C2471FA05A440060478F /* ChatPluginBoardView */,
			);
			path = ChatKeyboard;
			sourceTree = "<group>";
		};
		AC12FA17F7B05CAB8CEA7C82 /* Frameworks */ = {
			isa = PBXGroup;
			children = (
				C4B656ED99C09C31129393DC /* libPods-Chat.a */,
				DADAF1C7B00796E63B614063 /* libPods-ChatTests.a */,
				DBB869B1C2DCD7DDABE409A2 /* libPods-ChatUITests.a */,
			);
			name = Frameworks;
			sourceTree = "<group>";
		};
/* End PBXGroup section */

/* Begin PBXNativeTarget section */
		2277C2361FA01F8D0060478F /* EmojiKeyboard */ = {
			isa = PBXNativeTarget;
			buildConfigurationList = 2277C2421FA01F8D0060478F /* Build configuration list for PBXNativeTarget "EmojiKeyboard" */;
			buildPhases = (
				2277C2331FA01F8D0060478F /* Sources */,
				2277C2341FA01F8D0060478F /* Frameworks */,
				2277C2351FA01F8D0060478F /* Resources */,
			);
			buildRules = (
			);
			dependencies = (
			);
			name = EmojiKeyboard;
			productName = EmojiKeyboard;
			productReference = 2277C2371FA01F8D0060478F /* EmojiKeyboard.appex */;
			productType = "com.apple.product-type.app-extension";
		};
		22FB66E41F7F483B007A4888 /* Chat */ = {
			isa = PBXNativeTarget;
			buildConfigurationList = 22FB67121F7F483B007A4888 /* Build configuration list for PBXNativeTarget "Chat" */;
			buildPhases = (
				68A4C76C9E4C7A36970C8D18 /* [CP] Check Pods Manifest.lock */,
				22FB66E11F7F483B007A4888 /* Sources */,
				22FB66E21F7F483B007A4888 /* Frameworks */,
				22FB66E31F7F483B007A4888 /* Resources */,
				9FD7714E2F81C6243FC6C7C4 /* [CP] Embed Pods Frameworks */,
				419CABDFAD39903604C92A4B /* [CP] Copy Pods Resources */,
				2277C2431FA01F8D0060478F /* Embed App Extensions */,
			);
			buildRules = (
			);
			dependencies = (
				2277C23E1FA01F8D0060478F /* PBXTargetDependency */,
			);
			name = Chat;
			productName = Chat;
			productReference = 22FB66E51F7F483B007A4888 /* Chat.app */;
			productType = "com.apple.product-type.application";
		};
		22FB66FD1F7F483B007A4888 /* ChatTests */ = {
			isa = PBXNativeTarget;
			buildConfigurationList = 22FB67151F7F483B007A4888 /* Build configuration list for PBXNativeTarget "ChatTests" */;
			buildPhases = (
				4B3CCE0AA5DCE88F5F6A986C /* [CP] Check Pods Manifest.lock */,
				22FB66FA1F7F483B007A4888 /* Sources */,
				22FB66FB1F7F483B007A4888 /* Frameworks */,
				22FB66FC1F7F483B007A4888 /* Resources */,
				2DE0F02198C0575261CEE3A4 /* [CP] Embed Pods Frameworks */,
				434231BA6D17D244F7D887DF /* [CP] Copy Pods Resources */,
			);
			buildRules = (
			);
			dependencies = (
				22FB67001F7F483B007A4888 /* PBXTargetDependency */,
			);
			name = ChatTests;
			productName = ChatTests;
			productReference = 22FB66FE1F7F483B007A4888 /* ChatTests.xctest */;
			productType = "com.apple.product-type.bundle.unit-test";
		};
		22FB67081F7F483B007A4888 /* ChatUITests */ = {
			isa = PBXNativeTarget;
			buildConfigurationList = 22FB67181F7F483B007A4888 /* Build configuration list for PBXNativeTarget "ChatUITests" */;
			buildPhases = (
				0A56CF38FF78350C8F80418A /* [CP] Check Pods Manifest.lock */,
				22FB67051F7F483B007A4888 /* Sources */,
				22FB67061F7F483B007A4888 /* Frameworks */,
				22FB67071F7F483B007A4888 /* Resources */,
				DBB829D6FE6DECB5A4B2FFAC /* [CP] Embed Pods Frameworks */,
				F779C440587B9B83651A7383 /* [CP] Copy Pods Resources */,
			);
			buildRules = (
			);
			dependencies = (
				22FB670B1F7F483B007A4888 /* PBXTargetDependency */,
			);
			name = ChatUITests;
			productName = ChatUITests;
			productReference = 22FB67091F7F483B007A4888 /* ChatUITests.xctest */;
			productType = "com.apple.product-type.bundle.ui-testing";
		};
/* End PBXNativeTarget section */

/* Begin PBXProject section */
		22FB66DD1F7F483B007A4888 /* Project object */ = {
			isa = PBXProject;
			attributes = {
				LastUpgradeCheck = 0900;
				ORGANIZATIONNAME = "李立";
				TargetAttributes = {
					2277C2361FA01F8D0060478F = {
						CreatedOnToolsVersion = 9.0;
						DevelopmentTeam = 4J96E2Q5H6;
						ProvisioningStyle = Automatic;
					};
					22FB66E41F7F483B007A4888 = {
						CreatedOnToolsVersion = 8.3.3;
						DevelopmentTeam = 4J96E2Q5H6;
						ProvisioningStyle = Automatic;
					};
					22FB66FD1F7F483B007A4888 = {
						CreatedOnToolsVersion = 8.3.3;
						DevelopmentTeam = 4J96E2Q5H6;
						ProvisioningStyle = Automatic;
						TestTargetID = 22FB66E41F7F483B007A4888;
					};
					22FB67081F7F483B007A4888 = {
						CreatedOnToolsVersion = 8.3.3;
						DevelopmentTeam = 4J96E2Q5H6;
						ProvisioningStyle = Automatic;
						TestTargetID = 22FB66E41F7F483B007A4888;
					};
				};
			};
			buildConfigurationList = 22FB66E01F7F483B007A4888 /* Build configuration list for PBXProject "Chat" */;
			compatibilityVersion = "Xcode 3.2";
			developmentRegion = English;
			hasScannedForEncodings = 0;
			knownRegions = (
				en,
				Base,
			);
			mainGroup = 22FB66DC1F7F483B007A4888;
			productRefGroup = 22FB66E61F7F483B007A4888 /* Products */;
			projectDirPath = "";
			projectRoot = "";
			targets = (
				22FB66E41F7F483B007A4888 /* Chat */,
				22FB66FD1F7F483B007A4888 /* ChatTests */,
				22FB67081F7F483B007A4888 /* ChatUITests */,
				2277C2361FA01F8D0060478F /* EmojiKeyboard */,
			);
		};
/* End PBXProject section */

/* Begin PBXResourcesBuildPhase section */
		2277C2351FA01F8D0060478F /* Resources */ = {
			isa = PBXResourcesBuildPhase;
			buildActionMask = 2147483647;
			files = (
			);
			runOnlyForDeploymentPostprocessing = 0;
		};
		22FB66E31F7F483B007A4888 /* Resources */ = {
			isa = PBXResourcesBuildPhase;
			buildActionMask = 2147483647;
			files = (
				22FB66F81F7F483B007A4888 /* LaunchScreen.storyboard in Resources */,
				22FB66F51F7F483B007A4888 /* Assets.xcassets in Resources */,
				22FB66F31F7F483B007A4888 /* Main.storyboard in Resources */,
			);
			runOnlyForDeploymentPostprocessing = 0;
		};
		22FB66FC1F7F483B007A4888 /* Resources */ = {
			isa = PBXResourcesBuildPhase;
			buildActionMask = 2147483647;
			files = (
			);
			runOnlyForDeploymentPostprocessing = 0;
		};
		22FB67071F7F483B007A4888 /* Resources */ = {
			isa = PBXResourcesBuildPhase;
			buildActionMask = 2147483647;
			files = (
			);
			runOnlyForDeploymentPostprocessing = 0;
		};
/* End PBXResourcesBuildPhase section */

/* Begin PBXShellScriptBuildPhase section */
		0A56CF38FF78350C8F80418A /* [CP] Check Pods Manifest.lock */ = {
			isa = PBXShellScriptBuildPhase;
			buildActionMask = 2147483647;
			files = (
			);
			inputPaths = (
				"${PODS_PODFILE_DIR_PATH}/Podfile.lock",
				"${PODS_ROOT}/Manifest.lock",
			);
			name = "[CP] Check Pods Manifest.lock";
			outputPaths = (
				"$(DERIVED_FILE_DIR)/Pods-ChatUITests-checkManifestLockResult.txt",
			);
			runOnlyForDeploymentPostprocessing = 0;
			shellPath = /bin/sh;
			shellScript = "diff \"${PODS_PODFILE_DIR_PATH}/Podfile.lock\" \"${PODS_ROOT}/Manifest.lock\" > /dev/null\nif [ $? != 0 ] ; then\n    # print error to STDERR\n    echo \"error: The sandbox is not in sync with the Podfile.lock. Run 'pod install' or update your CocoaPods installation.\" >&2\n    exit 1\nfi\n# This output is used by Xcode 'outputs' to avoid re-running this script phase.\necho \"SUCCESS\" > \"${SCRIPT_OUTPUT_FILE_0}\"\n";
			showEnvVarsInLog = 0;
		};
		2DE0F02198C0575261CEE3A4 /* [CP] Embed Pods Frameworks */ = {
			isa = PBXShellScriptBuildPhase;
			buildActionMask = 2147483647;
			files = (
			);
			inputPaths = (
			);
			name = "[CP] Embed Pods Frameworks";
			outputPaths = (
			);
			runOnlyForDeploymentPostprocessing = 0;
			shellPath = /bin/sh;
			shellScript = "\"${SRCROOT}/Pods/Target Support Files/Pods-ChatTests/Pods-ChatTests-frameworks.sh\"\n";
			showEnvVarsInLog = 0;
		};
		419CABDFAD39903604C92A4B /* [CP] Copy Pods Resources */ = {
			isa = PBXShellScriptBuildPhase;
			buildActionMask = 2147483647;
			files = (
			);
			inputPaths = (
				"${SRCROOT}/Pods/Target Support Files/Pods-Chat/Pods-Chat-resources.sh",
				"${PODS_ROOT}/IQKeyboardManager/IQKeyboardManager/Resources/IQKeyboardManager.bundle",
			);
			name = "[CP] Copy Pods Resources";
			outputPaths = (
				"${TARGET_BUILD_DIR}/${UNLOCALIZED_RESOURCES_FOLDER_PATH}",
			);
			runOnlyForDeploymentPostprocessing = 0;
			shellPath = /bin/sh;
			shellScript = "\"${SRCROOT}/Pods/Target Support Files/Pods-Chat/Pods-Chat-resources.sh\"\n";
			showEnvVarsInLog = 0;
		};
		434231BA6D17D244F7D887DF /* [CP] Copy Pods Resources */ = {
			isa = PBXShellScriptBuildPhase;
			buildActionMask = 2147483647;
			files = (
			);
			inputPaths = (
			);
			name = "[CP] Copy Pods Resources";
			outputPaths = (
			);
			runOnlyForDeploymentPostprocessing = 0;
			shellPath = /bin/sh;
			shellScript = "\"${SRCROOT}/Pods/Target Support Files/Pods-ChatTests/Pods-ChatTests-resources.sh\"\n";
			showEnvVarsInLog = 0;
		};
		4B3CCE0AA5DCE88F5F6A986C /* [CP] Check Pods Manifest.lock */ = {
			isa = PBXShellScriptBuildPhase;
			buildActionMask = 2147483647;
			files = (
			);
			inputPaths = (
				"${PODS_PODFILE_DIR_PATH}/Podfile.lock",
				"${PODS_ROOT}/Manifest.lock",
			);
			name = "[CP] Check Pods Manifest.lock";
			outputPaths = (
				"$(DERIVED_FILE_DIR)/Pods-ChatTests-checkManifestLockResult.txt",
			);
			runOnlyForDeploymentPostprocessing = 0;
			shellPath = /bin/sh;
			shellScript = "diff \"${PODS_PODFILE_DIR_PATH}/Podfile.lock\" \"${PODS_ROOT}/Manifest.lock\" > /dev/null\nif [ $? != 0 ] ; then\n    # print error to STDERR\n    echo \"error: The sandbox is not in sync with the Podfile.lock. Run 'pod install' or update your CocoaPods installation.\" >&2\n    exit 1\nfi\n# This output is used by Xcode 'outputs' to avoid re-running this script phase.\necho \"SUCCESS\" > \"${SCRIPT_OUTPUT_FILE_0}\"\n";
			showEnvVarsInLog = 0;
		};
		68A4C76C9E4C7A36970C8D18 /* [CP] Check Pods Manifest.lock */ = {
			isa = PBXShellScriptBuildPhase;
			buildActionMask = 2147483647;
			files = (
			);
			inputPaths = (
				"${PODS_PODFILE_DIR_PATH}/Podfile.lock",
				"${PODS_ROOT}/Manifest.lock",
			);
			name = "[CP] Check Pods Manifest.lock";
			outputPaths = (
				"$(DERIVED_FILE_DIR)/Pods-Chat-checkManifestLockResult.txt",
			);
			runOnlyForDeploymentPostprocessing = 0;
			shellPath = /bin/sh;
			shellScript = "diff \"${PODS_PODFILE_DIR_PATH}/Podfile.lock\" \"${PODS_ROOT}/Manifest.lock\" > /dev/null\nif [ $? != 0 ] ; then\n    # print error to STDERR\n    echo \"error: The sandbox is not in sync with the Podfile.lock. Run 'pod install' or update your CocoaPods installation.\" >&2\n    exit 1\nfi\n# This output is used by Xcode 'outputs' to avoid re-running this script phase.\necho \"SUCCESS\" > \"${SCRIPT_OUTPUT_FILE_0}\"\n";
			showEnvVarsInLog = 0;
		};
		9FD7714E2F81C6243FC6C7C4 /* [CP] Embed Pods Frameworks */ = {
			isa = PBXShellScriptBuildPhase;
			buildActionMask = 2147483647;
			files = (
			);
			inputPaths = (
			);
			name = "[CP] Embed Pods Frameworks";
			outputPaths = (
			);
			runOnlyForDeploymentPostprocessing = 0;
			shellPath = /bin/sh;
			shellScript = "\"${SRCROOT}/Pods/Target Support Files/Pods-Chat/Pods-Chat-frameworks.sh\"\n";
			showEnvVarsInLog = 0;
		};
		DBB829D6FE6DECB5A4B2FFAC /* [CP] Embed Pods Frameworks */ = {
			isa = PBXShellScriptBuildPhase;
			buildActionMask = 2147483647;
			files = (
			);
			inputPaths = (
			);
			name = "[CP] Embed Pods Frameworks";
			outputPaths = (
			);
			runOnlyForDeploymentPostprocessing = 0;
			shellPath = /bin/sh;
			shellScript = "\"${SRCROOT}/Pods/Target Support Files/Pods-ChatUITests/Pods-ChatUITests-frameworks.sh\"\n";
			showEnvVarsInLog = 0;
		};
		F779C440587B9B83651A7383 /* [CP] Copy Pods Resources */ = {
			isa = PBXShellScriptBuildPhase;
			buildActionMask = 2147483647;
			files = (
			);
			inputPaths = (
			);
			name = "[CP] Copy Pods Resources";
			outputPaths = (
			);
			runOnlyForDeploymentPostprocessing = 0;
			shellPath = /bin/sh;
			shellScript = "\"${SRCROOT}/Pods/Target Support Files/Pods-ChatUITests/Pods-ChatUITests-resources.sh\"\n";
			showEnvVarsInLog = 0;
		};
/* End PBXShellScriptBuildPhase section */

/* Begin PBXSourcesBuildPhase section */
		2277C2331FA01F8D0060478F /* Sources */ = {
			isa = PBXSourcesBuildPhase;
			buildActionMask = 2147483647;
			files = (
				2277C23B1FA01F8D0060478F /* KeyboardViewController.m in Sources */,
			);
			runOnlyForDeploymentPostprocessing = 0;
		};
		22FB66E11F7F483B007A4888 /* Sources */ = {
			isa = PBXSourcesBuildPhase;
			buildActionMask = 2147483647;
			files = (
				2277C2461FA058600060478F /* ChatKeyboard.m in Sources */,
				22FB67301F7F688C007A4888 /* MessageContent.m in Sources */,
				227ED72F1FA886F20025FF26 /* NSString+ChatUI.m in Sources */,
				22B4DCB91FA1934F00EDE246 /* ChatViewController.m in Sources */,
				22EBF0AB1FA6F53D00E6AD14 /* ChatUI.m in Sources */,
				222AF40A1FA80F710042D39E /* TextMessageContent.m in Sources */,
				2277C2511FA05A440060478F /* ChatPluginBoardView.m in Sources */,
				22FB67361F7F7156007A4888 /* UserInfo.m in Sources */,
				22FB67331F7F6D64007A4888 /* Message.m in Sources */,
				22EBF0A51FA6F07300E6AD14 /* MessageBaseCell.m in Sources */,
				22FB66F01F7F483B007A4888 /* ViewController.m in Sources */,
				222AF4071FA80F160042D39E /* MessageImageCell.m in Sources */,
				22FB67501F7F8CD4007A4888 /* UIView+ChatFrame.m in Sources */,
				222AF4031FA80EEE0042D39E /* MessageTextCell.m in Sources */,
				22FB67271F7F4E03007A4888 /* ConversationViewController.m in Sources */,
				2277C2541FA05A440060478F /* ChatEmojiBoardView.m in Sources */,
				22FB66ED1F7F483B007A4888 /* AppDelegate.m in Sources */,
				22FB66EA1F7F483B007A4888 /* main.m in Sources */,
				22444F131FA3328A00800C55 /* ChatTableView.m in Sources */,
				2277C2521FA05A440060478F /* ChatPluginItem.m in Sources */,
				22EBF05F1FA6B7EE00E6AD14 /* PluginItem.m in Sources */,
				22FB674D1F7F8CA9007A4888 /* NSObject+JSON.m in Sources */,
				22EBF05B1FA6B7E500E6AD14 /* EmojiItem.m in Sources */,
				2277C2531FA05A440060478F /* ChatEmojiIItem.m in Sources */,
				22FB67431F7F7EA0007A4888 /* ChatSessionInputBarControl.m in Sources */,
				227ED7321FA8BE340025FF26 /* UIColor+ChatUI.m in Sources */,
			);
			runOnlyForDeploymentPostprocessing = 0;
		};
		22FB66FA1F7F483B007A4888 /* Sources */ = {
			isa = PBXSourcesBuildPhase;
			buildActionMask = 2147483647;
			files = (
				22FB67031F7F483B007A4888 /* ChatTests.m in Sources */,
			);
			runOnlyForDeploymentPostprocessing = 0;
		};
		22FB67051F7F483B007A4888 /* Sources */ = {
			isa = PBXSourcesBuildPhase;
			buildActionMask = 2147483647;
			files = (
				22FB670E1F7F483B007A4888 /* ChatUITests.m in Sources */,
			);
			runOnlyForDeploymentPostprocessing = 0;
		};
/* End PBXSourcesBuildPhase section */

/* Begin PBXTargetDependency section */
		2277C23E1FA01F8D0060478F /* PBXTargetDependency */ = {
			isa = PBXTargetDependency;
			target = 2277C2361FA01F8D0060478F /* EmojiKeyboard */;
			targetProxy = 2277C23D1FA01F8D0060478F /* PBXContainerItemProxy */;
		};
		22FB67001F7F483B007A4888 /* PBXTargetDependency */ = {
			isa = PBXTargetDependency;
			target = 22FB66E41F7F483B007A4888 /* Chat */;
			targetProxy = 22FB66FF1F7F483B007A4888 /* PBXContainerItemProxy */;
		};
		22FB670B1F7F483B007A4888 /* PBXTargetDependency */ = {
			isa = PBXTargetDependency;
			target = 22FB66E41F7F483B007A4888 /* Chat */;
			targetProxy = 22FB670A1F7F483B007A4888 /* PBXContainerItemProxy */;
		};
/* End PBXTargetDependency section */

/* Begin PBXVariantGroup section */
		22FB66F11F7F483B007A4888 /* Main.storyboard */ = {
			isa = PBXVariantGroup;
			children = (
				22FB66F21F7F483B007A4888 /* Base */,
			);
			name = Main.storyboard;
			sourceTree = "<group>";
		};
		22FB66F61F7F483B007A4888 /* LaunchScreen.storyboard */ = {
			isa = PBXVariantGroup;
			children = (
				22FB66F71F7F483B007A4888 /* Base */,
			);
			name = LaunchScreen.storyboard;
			sourceTree = "<group>";
		};
/* End PBXVariantGroup section */

/* Begin XCBuildConfiguration section */
		2277C2401FA01F8D0060478F /* Debug */ = {
			isa = XCBuildConfiguration;
			buildSettings = {
				CLANG_CXX_LANGUAGE_STANDARD = "gnu++14";
				CLANG_WARN_UNGUARDED_AVAILABILITY = YES_AGGRESSIVE;
				CODE_SIGN_IDENTITY = "iPhone Developer";
				CODE_SIGN_STYLE = Automatic;
				DEVELOPMENT_TEAM = 4J96E2Q5H6;
				GCC_C_LANGUAGE_STANDARD = gnu11;
				INFOPLIST_FILE = EmojiKeyboard/Info.plist;
				LD_RUNPATH_SEARCH_PATHS = "$(inherited) @executable_path/Frameworks @executable_path/../../Frameworks";
				PRODUCT_BUNDLE_IDENTIFIER = Lili.Chat.EmojiKeyboard;
				PRODUCT_NAME = "$(TARGET_NAME)";
				SKIP_INSTALL = YES;
				TARGETED_DEVICE_FAMILY = "1,2";
			};
			name = Debug;
		};
		2277C2411FA01F8D0060478F /* Release */ = {
			isa = XCBuildConfiguration;
			buildSettings = {
				CLANG_CXX_LANGUAGE_STANDARD = "gnu++14";
				CLANG_WARN_UNGUARDED_AVAILABILITY = YES_AGGRESSIVE;
				CODE_SIGN_IDENTITY = "iPhone Developer";
				CODE_SIGN_STYLE = Automatic;
				DEVELOPMENT_TEAM = 4J96E2Q5H6;
				GCC_C_LANGUAGE_STANDARD = gnu11;
				INFOPLIST_FILE = EmojiKeyboard/Info.plist;
				LD_RUNPATH_SEARCH_PATHS = "$(inherited) @executable_path/Frameworks @executable_path/../../Frameworks";
				PRODUCT_BUNDLE_IDENTIFIER = Lili.Chat.EmojiKeyboard;
				PRODUCT_NAME = "$(TARGET_NAME)";
				SKIP_INSTALL = YES;
				TARGETED_DEVICE_FAMILY = "1,2";
			};
			name = Release;
		};
		22FB67101F7F483B007A4888 /* Debug */ = {
			isa = XCBuildConfiguration;
			buildSettings = {
				ALWAYS_SEARCH_USER_PATHS = NO;
				CLANG_ANALYZER_NONNULL = YES;
				CLANG_ANALYZER_NUMBER_OBJECT_CONVERSION = YES_AGGRESSIVE;
				CLANG_CXX_LANGUAGE_STANDARD = "gnu++0x";
				CLANG_CXX_LIBRARY = "libc++";
				CLANG_ENABLE_MODULES = YES;
				CLANG_ENABLE_OBJC_ARC = YES;
				CLANG_WARN_BLOCK_CAPTURE_AUTORELEASING = YES;
				CLANG_WARN_BOOL_CONVERSION = YES;
				CLANG_WARN_COMMA = YES;
				CLANG_WARN_CONSTANT_CONVERSION = YES;
				CLANG_WARN_DIRECT_OBJC_ISA_USAGE = YES_ERROR;
				CLANG_WARN_DOCUMENTATION_COMMENTS = YES;
				CLANG_WARN_EMPTY_BODY = YES;
				CLANG_WARN_ENUM_CONVERSION = YES;
				CLANG_WARN_INFINITE_RECURSION = YES;
				CLANG_WARN_INT_CONVERSION = YES;
				CLANG_WARN_NON_LITERAL_NULL_CONVERSION = YES;
				CLANG_WARN_OBJC_LITERAL_CONVERSION = YES;
				CLANG_WARN_OBJC_ROOT_CLASS = YES_ERROR;
				CLANG_WARN_RANGE_LOOP_ANALYSIS = YES;
				CLANG_WARN_STRICT_PROTOTYPES = YES;
				CLANG_WARN_SUSPICIOUS_MOVE = YES;
				CLANG_WARN_UNREACHABLE_CODE = YES;
				CLANG_WARN__DUPLICATE_METHOD_MATCH = YES;
				"CODE_SIGN_IDENTITY[sdk=iphoneos*]" = "iPhone Developer";
				COPY_PHASE_STRIP = NO;
				DEBUG_INFORMATION_FORMAT = dwarf;
				ENABLE_STRICT_OBJC_MSGSEND = YES;
				ENABLE_TESTABILITY = YES;
				GCC_C_LANGUAGE_STANDARD = gnu99;
				GCC_DYNAMIC_NO_PIC = NO;
				GCC_NO_COMMON_BLOCKS = YES;
				GCC_OPTIMIZATION_LEVEL = 0;
				GCC_PREPROCESSOR_DEFINITIONS = (
					"DEBUG=1",
					"$(inherited)",
				);
				GCC_WARN_64_TO_32_BIT_CONVERSION = YES;
				GCC_WARN_ABOUT_RETURN_TYPE = YES_ERROR;
				GCC_WARN_UNDECLARED_SELECTOR = YES;
				GCC_WARN_UNINITIALIZED_AUTOS = YES_AGGRESSIVE;
				GCC_WARN_UNUSED_FUNCTION = YES;
				GCC_WARN_UNUSED_VARIABLE = YES;
				IPHONEOS_DEPLOYMENT_TARGET = 11.0;
				MTL_ENABLE_DEBUG_INFO = YES;
				ONLY_ACTIVE_ARCH = YES;
				SDKROOT = iphoneos;
				TARGETED_DEVICE_FAMILY = "1,2";
			};
			name = Debug;
		};
		22FB67111F7F483B007A4888 /* Release */ = {
			isa = XCBuildConfiguration;
			buildSettings = {
				ALWAYS_SEARCH_USER_PATHS = NO;
				CLANG_ANALYZER_NONNULL = YES;
				CLANG_ANALYZER_NUMBER_OBJECT_CONVERSION = YES_AGGRESSIVE;
				CLANG_CXX_LANGUAGE_STANDARD = "gnu++0x";
				CLANG_CXX_LIBRARY = "libc++";
				CLANG_ENABLE_MODULES = YES;
				CLANG_ENABLE_OBJC_ARC = YES;
				CLANG_WARN_BLOCK_CAPTURE_AUTORELEASING = YES;
				CLANG_WARN_BOOL_CONVERSION = YES;
				CLANG_WARN_COMMA = YES;
				CLANG_WARN_CONSTANT_CONVERSION = YES;
				CLANG_WARN_DIRECT_OBJC_ISA_USAGE = YES_ERROR;
				CLANG_WARN_DOCUMENTATION_COMMENTS = YES;
				CLANG_WARN_EMPTY_BODY = YES;
				CLANG_WARN_ENUM_CONVERSION = YES;
				CLANG_WARN_INFINITE_RECURSION = YES;
				CLANG_WARN_INT_CONVERSION = YES;
				CLANG_WARN_NON_LITERAL_NULL_CONVERSION = YES;
				CLANG_WARN_OBJC_LITERAL_CONVERSION = YES;
				CLANG_WARN_OBJC_ROOT_CLASS = YES_ERROR;
				CLANG_WARN_RANGE_LOOP_ANALYSIS = YES;
				CLANG_WARN_STRICT_PROTOTYPES = YES;
				CLANG_WARN_SUSPICIOUS_MOVE = YES;
				CLANG_WARN_UNREACHABLE_CODE = YES;
				CLANG_WARN__DUPLICATE_METHOD_MATCH = YES;
				"CODE_SIGN_IDENTITY[sdk=iphoneos*]" = "iPhone Developer";
				COPY_PHASE_STRIP = NO;
				DEBUG_INFORMATION_FORMAT = "dwarf-with-dsym";
				ENABLE_NS_ASSERTIONS = NO;
				ENABLE_STRICT_OBJC_MSGSEND = YES;
				GCC_C_LANGUAGE_STANDARD = gnu99;
				GCC_NO_COMMON_BLOCKS = YES;
				GCC_WARN_64_TO_32_BIT_CONVERSION = YES;
				GCC_WARN_ABOUT_RETURN_TYPE = YES_ERROR;
				GCC_WARN_UNDECLARED_SELECTOR = YES;
				GCC_WARN_UNINITIALIZED_AUTOS = YES_AGGRESSIVE;
				GCC_WARN_UNUSED_FUNCTION = YES;
				GCC_WARN_UNUSED_VARIABLE = YES;
				IPHONEOS_DEPLOYMENT_TARGET = 11.0;
				MTL_ENABLE_DEBUG_INFO = NO;
				SDKROOT = iphoneos;
				TARGETED_DEVICE_FAMILY = "1,2";
				VALIDATE_PRODUCT = YES;
			};
			name = Release;
		};
		22FB67131F7F483B007A4888 /* Debug */ = {
			isa = XCBuildConfiguration;
			baseConfigurationReference = C6A6C671623AF85D655D0F53 /* Pods-Chat.debug.xcconfig */;
			buildSettings = {
				ASSETCATALOG_COMPILER_APPICON_NAME = AppIcon;
				CODE_SIGN_IDENTITY = "iPhone Developer";
				DEVELOPMENT_TEAM = 4J96E2Q5H6;
				INFOPLIST_FILE = Chat/Info.plist;
				IPHONEOS_DEPLOYMENT_TARGET = 8.0;
				LD_RUNPATH_SEARCH_PATHS = "$(inherited) @executable_path/Frameworks";
				PRODUCT_BUNDLE_IDENTIFIER = Lili.Chat;
				PRODUCT_NAME = "$(TARGET_NAME)";
			};
			name = Debug;
		};
		22FB67141F7F483B007A4888 /* Release */ = {
			isa = XCBuildConfiguration;
			baseConfigurationReference = 5D102EC392ECE9685ABAA1F9 /* Pods-Chat.release.xcconfig */;
			buildSettings = {
				ASSETCATALOG_COMPILER_APPICON_NAME = AppIcon;
				CODE_SIGN_IDENTITY = "iPhone Developer";
				DEVELOPMENT_TEAM = 4J96E2Q5H6;
				INFOPLIST_FILE = Chat/Info.plist;
				IPHONEOS_DEPLOYMENT_TARGET = 8.0;
				LD_RUNPATH_SEARCH_PATHS = "$(inherited) @executable_path/Frameworks";
				PRODUCT_BUNDLE_IDENTIFIER = Lili.Chat;
				PRODUCT_NAME = "$(TARGET_NAME)";
			};
			name = Release;
		};
		22FB67161F7F483B007A4888 /* Debug */ = {
			isa = XCBuildConfiguration;
			baseConfigurationReference = 567A92D781138F72A2B9A1AE /* Pods-ChatTests.debug.xcconfig */;
			buildSettings = {
				BUNDLE_LOADER = "$(TEST_HOST)";
				DEVELOPMENT_TEAM = 4J96E2Q5H6;
				INFOPLIST_FILE = ChatTests/Info.plist;
				LD_RUNPATH_SEARCH_PATHS = "$(inherited) @executable_path/Frameworks @loader_path/Frameworks";
				PRODUCT_BUNDLE_IDENTIFIER = Lili.ChatTests;
				PRODUCT_NAME = "$(TARGET_NAME)";
				TEST_HOST = "$(BUILT_PRODUCTS_DIR)/Chat.app/Chat";
			};
			name = Debug;
		};
		22FB67171F7F483B007A4888 /* Release */ = {
			isa = XCBuildConfiguration;
			baseConfigurationReference = 1325FC757DE2C6949A6C6BAD /* Pods-ChatTests.release.xcconfig */;
			buildSettings = {
				BUNDLE_LOADER = "$(TEST_HOST)";
				DEVELOPMENT_TEAM = 4J96E2Q5H6;
				INFOPLIST_FILE = ChatTests/Info.plist;
				LD_RUNPATH_SEARCH_PATHS = "$(inherited) @executable_path/Frameworks @loader_path/Frameworks";
				PRODUCT_BUNDLE_IDENTIFIER = Lili.ChatTests;
				PRODUCT_NAME = "$(TARGET_NAME)";
				TEST_HOST = "$(BUILT_PRODUCTS_DIR)/Chat.app/Chat";
			};
			name = Release;
		};
		22FB67191F7F483B007A4888 /* Debug */ = {
			isa = XCBuildConfiguration;
			baseConfigurationReference = 1580F30CDD59761F8D73D3A5 /* Pods-ChatUITests.debug.xcconfig */;
			buildSettings = {
				DEVELOPMENT_TEAM = 4J96E2Q5H6;
				INFOPLIST_FILE = ChatUITests/Info.plist;
				LD_RUNPATH_SEARCH_PATHS = "$(inherited) @executable_path/Frameworks @loader_path/Frameworks";
				PRODUCT_BUNDLE_IDENTIFIER = Lili.ChatUITests;
				PRODUCT_NAME = "$(TARGET_NAME)";
				TEST_TARGET_NAME = Chat;
			};
			name = Debug;
		};
		22FB671A1F7F483B007A4888 /* Release */ = {
			isa = XCBuildConfiguration;
			baseConfigurationReference = 7489F785E1BA24EFE6CD12EB /* Pods-ChatUITests.release.xcconfig */;
			buildSettings = {
				DEVELOPMENT_TEAM = 4J96E2Q5H6;
				INFOPLIST_FILE = ChatUITests/Info.plist;
				LD_RUNPATH_SEARCH_PATHS = "$(inherited) @executable_path/Frameworks @loader_path/Frameworks";
				PRODUCT_BUNDLE_IDENTIFIER = Lili.ChatUITests;
				PRODUCT_NAME = "$(TARGET_NAME)";
				TEST_TARGET_NAME = Chat;
			};
			name = Release;
		};
/* End XCBuildConfiguration section */

/* Begin XCConfigurationList section */
		2277C2421FA01F8D0060478F /* Build configuration list for PBXNativeTarget "EmojiKeyboard" */ = {
			isa = XCConfigurationList;
			buildConfigurations = (
				2277C2401FA01F8D0060478F /* Debug */,
				2277C2411FA01F8D0060478F /* Release */,
			);
			defaultConfigurationIsVisible = 0;
			defaultConfigurationName = Release;
		};
		22FB66E01F7F483B007A4888 /* Build configuration list for PBXProject "Chat" */ = {
			isa = XCConfigurationList;
			buildConfigurations = (
				22FB67101F7F483B007A4888 /* Debug */,
				22FB67111F7F483B007A4888 /* Release */,
			);
			defaultConfigurationIsVisible = 0;
			defaultConfigurationName = Release;
		};
		22FB67121F7F483B007A4888 /* Build configuration list for PBXNativeTarget "Chat" */ = {
			isa = XCConfigurationList;
			buildConfigurations = (
				22FB67131F7F483B007A4888 /* Debug */,
				22FB67141F7F483B007A4888 /* Release */,
			);
			defaultConfigurationIsVisible = 0;
			defaultConfigurationName = Release;
		};
		22FB67151F7F483B007A4888 /* Build configuration list for PBXNativeTarget "ChatTests" */ = {
			isa = XCConfigurationList;
			buildConfigurations = (
				22FB67161F7F483B007A4888 /* Debug */,
				22FB67171F7F483B007A4888 /* Release */,
			);
			defaultConfigurationIsVisible = 0;
			defaultConfigurationName = Release;
		};
		22FB67181F7F483B007A4888 /* Build configuration list for PBXNativeTarget "ChatUITests" */ = {
			isa = XCConfigurationList;
			buildConfigurations = (
				22FB67191F7F483B007A4888 /* Debug */,
				22FB671A1F7F483B007A4888 /* Release */,
			);
			defaultConfigurationIsVisible = 0;
			defaultConfigurationName = Release;
		};
/* End XCConfigurationList section */
	};
	rootObject = 22FB66DD1F7F483B007A4888 /* Project object */;
}
